// !$*UTF8*$!
{
	archiveVersion = 1;
	classes = {
	};
	objectVersion = 50;
	objects = {

/* Begin PBXBuildFile section */
		D94090D022F1A2DC00EB3EBD /* libLapackWrapperLib.a in Frameworks */ = {isa = PBXBuildFile; fileRef = D940909622F195B600EB3EBD /* libLapackWrapperLib.a */; };
		D94090D222F1A44700EB3EBD /* Accelerate.framework in Frameworks */ = {isa = PBXBuildFile; fileRef = D94090D122F1A44600EB3EBD /* Accelerate.framework */; };
		D94090D422F1A49300EB3EBD /* test1-small-factorization.cc in Sources */ = {isa = PBXBuildFile; fileRef = D94090D322F1A49300EB3EBD /* test1-small-factorization.cc */; };
		D94090E122F1A4D200EB3EBD /* test2-Timing.cc in Sources */ = {isa = PBXBuildFile; fileRef = D94090E022F1A4D200EB3EBD /* test2-Timing.cc */; };
		D94090E222F1A56C00EB3EBD /* libLapackWrapperLib.a in Frameworks */ = {isa = PBXBuildFile; fileRef = D940909622F195B600EB3EBD /* libLapackWrapperLib.a */; };
		D94090E322F1A56C00EB3EBD /* Accelerate.framework in Frameworks */ = {isa = PBXBuildFile; fileRef = D94090D122F1A44600EB3EBD /* Accelerate.framework */; };
		D94090F022F1A5F300EB3EBD /* test3-BandedMatrix.cc in Sources */ = {isa = PBXBuildFile; fileRef = D94090EF22F1A5F300EB3EBD /* test3-BandedMatrix.cc */; };
		D94090F122F1A62C00EB3EBD /* libLapackWrapperLib.a in Frameworks */ = {isa = PBXBuildFile; fileRef = D940909622F195B600EB3EBD /* libLapackWrapperLib.a */; };
		D94090F222F1A62C00EB3EBD /* Accelerate.framework in Frameworks */ = {isa = PBXBuildFile; fileRef = D94090D122F1A44600EB3EBD /* Accelerate.framework */; };
		D94090FF22F1A77F00EB3EBD /* test4-BFGS.cc in Sources */ = {isa = PBXBuildFile; fileRef = D94090FE22F1A77F00EB3EBD /* test4-BFGS.cc */; };
		D940910022F1A7AF00EB3EBD /* libLapackWrapperLib.a in Frameworks */ = {isa = PBXBuildFile; fileRef = D940909622F195B600EB3EBD /* libLapackWrapperLib.a */; };
		D940910122F1A7AF00EB3EBD /* Accelerate.framework in Frameworks */ = {isa = PBXBuildFile; fileRef = D94090D122F1A44600EB3EBD /* Accelerate.framework */; };
		D958BCB322F32F0B00D41FCA /* lapack_wrapper.hh in Headers */ = {isa = PBXBuildFile; fileRef = D958BC9C22F32F0B00D41FCA /* lapack_wrapper.hh */; };
		D958BCC022F32F0B00D41FCA /* lapack_wrapper.cc in Sources */ = {isa = PBXBuildFile; fileRef = D958BCAC22F32F0B00D41FCA /* lapack_wrapper.cc */; };
		D958BCC122F32F0B00D41FCA /* lapack_wrapper++.hh in Headers */ = {isa = PBXBuildFile; fileRef = D958BCAE22F32F0B00D41FCA /* lapack_wrapper++.hh */; };
		D958BCC222F32F0B00D41FCA /* lapack_wrapper++.cc in Sources */ = {isa = PBXBuildFile; fileRef = D958BCAF22F32F0B00D41FCA /* lapack_wrapper++.cc */; };
		D958BCC322F32F0B00D41FCA /* lapack_wrapper_config.hh in Headers */ = {isa = PBXBuildFile; fileRef = D958BCB022F32F0B00D41FCA /* lapack_wrapper_config.hh */; };
		D992160222F1BA6500B9C5FC /* test5-BLOCKTRID.cc in Sources */ = {isa = PBXBuildFile; fileRef = D992160122F1BA6500B9C5FC /* test5-BLOCKTRID.cc */; };
		D992160322F1BA6D00B9C5FC /* libLapackWrapperLib.a in Frameworks */ = {isa = PBXBuildFile; fileRef = D940909622F195B600EB3EBD /* libLapackWrapperLib.a */; };
		D992160422F1BA6D00B9C5FC /* Accelerate.framework in Frameworks */ = {isa = PBXBuildFile; fileRef = D94090D122F1A44600EB3EBD /* Accelerate.framework */; };
		D992161122F1BB7900B9C5FC /* test6-EIGS.cc in Sources */ = {isa = PBXBuildFile; fileRef = D992161022F1BB7900B9C5FC /* test6-EIGS.cc */; };
		D992161222F1BC5400B9C5FC /* libLapackWrapperLib.a in Frameworks */ = {isa = PBXBuildFile; fileRef = D940909622F195B600EB3EBD /* libLapackWrapperLib.a */; };
		D992161322F1BC5400B9C5FC /* Accelerate.framework in Frameworks */ = {isa = PBXBuildFile; fileRef = D94090D122F1A44600EB3EBD /* Accelerate.framework */; };
		D9A1A90423192FFF002C8826 /* libsuperlu.a in Frameworks */ = {isa = PBXBuildFile; fileRef = D9A1A90323192FFF002C8826 /* libsuperlu.a */; };
		D9A1A90523192FFF002C8826 /* libsuperlu.a in Frameworks */ = {isa = PBXBuildFile; fileRef = D9A1A90323192FFF002C8826 /* libsuperlu.a */; };
		D9A1A90623192FFF002C8826 /* libsuperlu.a in Frameworks */ = {isa = PBXBuildFile; fileRef = D9A1A90323192FFF002C8826 /* libsuperlu.a */; };
		D9A1A90723192FFF002C8826 /* libsuperlu.a in Frameworks */ = {isa = PBXBuildFile; fileRef = D9A1A90323192FFF002C8826 /* libsuperlu.a */; };
		D9A1A90823192FFF002C8826 /* libsuperlu.a in Frameworks */ = {isa = PBXBuildFile; fileRef = D9A1A90323192FFF002C8826 /* libsuperlu.a */; };
		D9A1A90923192FFF002C8826 /* libsuperlu.a in Frameworks */ = {isa = PBXBuildFile; fileRef = D9A1A90323192FFF002C8826 /* libsuperlu.a */; };
		D9A1A90A23192FFF002C8826 /* libsuperlu.a in Frameworks */ = {isa = PBXBuildFile; fileRef = D9A1A90323192FFF002C8826 /* libsuperlu.a */; };
		D9A1A90B23192FFF002C8826 /* libsuperlu.a in Frameworks */ = {isa = PBXBuildFile; fileRef = D9A1A90323192FFF002C8826 /* libsuperlu.a */; };
		D9A1A90C23192FFF002C8826 /* libsuperlu.a in Frameworks */ = {isa = PBXBuildFile; fileRef = D9A1A90323192FFF002C8826 /* libsuperlu.a */; };
		D9A1A90E2319304F002C8826 /* libHSL_static.a in Frameworks */ = {isa = PBXBuildFile; fileRef = D9A1A90D2319304F002C8826 /* libHSL_static.a */; };
		D9A1A90F2319304F002C8826 /* libHSL_static.a in Frameworks */ = {isa = PBXBuildFile; fileRef = D9A1A90D2319304F002C8826 /* libHSL_static.a */; };
		D9A1A9102319304F002C8826 /* libHSL_static.a in Frameworks */ = {isa = PBXBuildFile; fileRef = D9A1A90D2319304F002C8826 /* libHSL_static.a */; };
		D9A1A9112319304F002C8826 /* libHSL_static.a in Frameworks */ = {isa = PBXBuildFile; fileRef = D9A1A90D2319304F002C8826 /* libHSL_static.a */; };
		D9A1A9122319304F002C8826 /* libHSL_static.a in Frameworks */ = {isa = PBXBuildFile; fileRef = D9A1A90D2319304F002C8826 /* libHSL_static.a */; };
		D9A1A9132319304F002C8826 /* libHSL_static.a in Frameworks */ = {isa = PBXBuildFile; fileRef = D9A1A90D2319304F002C8826 /* libHSL_static.a */; };
		D9A1A9142319304F002C8826 /* libHSL_static.a in Frameworks */ = {isa = PBXBuildFile; fileRef = D9A1A90D2319304F002C8826 /* libHSL_static.a */; };
		D9A1A9152319304F002C8826 /* libHSL_static.a in Frameworks */ = {isa = PBXBuildFile; fileRef = D9A1A90D2319304F002C8826 /* libHSL_static.a */; };
		D9A1A9162319304F002C8826 /* libHSL_static.a in Frameworks */ = {isa = PBXBuildFile; fileRef = D9A1A90D2319304F002C8826 /* libHSL_static.a */; };
		D9BB56F52319C6B200DBED80 /* libumfpack.a in Frameworks */ = {isa = PBXBuildFile; fileRef = D9BB56F42319C6B200DBED80 /* libumfpack.a */; };
		D9CFB440230CA26500FB2DD8 /* sparse_tool_matrix_market.hh in Headers */ = {isa = PBXBuildFile; fileRef = D9CFB422230CA26500FB2DD8 /* sparse_tool_matrix_market.hh */; };
		D9CFB442230CA26500FB2DD8 /* sparse_tool.hh in Headers */ = {isa = PBXBuildFile; fileRef = D9CFB424230CA26500FB2DD8 /* sparse_tool.hh */; };
		D9CFB446230CA26500FB2DD8 /* sparse_tool_iterative.hh in Headers */ = {isa = PBXBuildFile; fileRef = D9CFB428230CA26500FB2DD8 /* sparse_tool_iterative.hh */; };
		D9CFB450230CA26500FB2DD8 /* sparse_tool_extra.hh in Headers */ = {isa = PBXBuildFile; fileRef = D9CFB432230CA26500FB2DD8 /* sparse_tool_extra.hh */; };
		D9CFB45B230CA29100FB2DD8 /* libLapackWrapperLib.a in Frameworks */ = {isa = PBXBuildFile; fileRef = D940909622F195B600EB3EBD /* libLapackWrapperLib.a */; };
		D9CFB45C230CA29100FB2DD8 /* Accelerate.framework in Frameworks */ = {isa = PBXBuildFile; fileRef = D94090D122F1A44600EB3EBD /* Accelerate.framework */; };
		D9CFB466230CA2A300FB2DD8 /* libLapackWrapperLib.a in Frameworks */ = {isa = PBXBuildFile; fileRef = D940909622F195B600EB3EBD /* libLapackWrapperLib.a */; };
		D9CFB467230CA2A300FB2DD8 /* Accelerate.framework in Frameworks */ = {isa = PBXBuildFile; fileRef = D94090D122F1A44600EB3EBD /* Accelerate.framework */; };
		D9CFB46E230CA2BC00FB2DD8 /* test7-SparseTool.cc in Sources */ = {isa = PBXBuildFile; fileRef = D9CFB46D230CA2BB00FB2DD8 /* test7-SparseTool.cc */; };
		D9CFB470230CA2C100FB2DD8 /* test8-SparseToolComplex.cc in Sources */ = {isa = PBXBuildFile; fileRef = D9CFB46F230CA2C100FB2DD8 /* test8-SparseToolComplex.cc */; };
		D9F9C5552313DAF700764E6C /* izstream_impl.hh in Headers */ = {isa = PBXBuildFile; fileRef = D9F9C5502313DAF600764E6C /* izstream_impl.hh */; };
		D9F9C5562313DAF700764E6C /* izstream.hh in Headers */ = {isa = PBXBuildFile; fileRef = D9F9C5512313DAF600764E6C /* izstream.hh */; };
		D9F9C5572313DAF700764E6C /* ozstream.hh in Headers */ = {isa = PBXBuildFile; fileRef = D9F9C5522313DAF600764E6C /* ozstream.hh */; };
		D9F9C5582313DAF700764E6C /* ozstream_impl.hh in Headers */ = {isa = PBXBuildFile; fileRef = D9F9C5532313DAF600764E6C /* ozstream_impl.hh */; };
		D9FDAD5223100C3A0092DF2A /* hsl_solver.hh in Headers */ = {isa = PBXBuildFile; fileRef = D9FDAD4C23100C3A0092DF2A /* hsl_solver.hh */; };
		D9FDAD5323100C3A0092DF2A /* ma48_wrapper.cc in Sources */ = {isa = PBXBuildFile; fileRef = D9FDAD4D23100C3A0092DF2A /* ma48_wrapper.cc */; };
		D9FDAD5423100C3A0092DF2A /* ma48_wrapper.hh in Headers */ = {isa = PBXBuildFile; fileRef = D9FDAD4E23100C3A0092DF2A /* ma48_wrapper.hh */; };
		D9FDAD5523100C3A0092DF2A /* hsl.h in Headers */ = {isa = PBXBuildFile; fileRef = D9FDAD4F23100C3A0092DF2A /* hsl.h */; };
		D9FDAD5623100C3A0092DF2A /* ma57_wrapper.hh in Headers */ = {isa = PBXBuildFile; fileRef = D9FDAD5023100C3A0092DF2A /* ma57_wrapper.hh */; };
		D9FDAD5A2310575A0092DF2A /* ma57_wrapper.cc in Sources */ = {isa = PBXBuildFile; fileRef = D9FDAD592310575A0092DF2A /* ma57_wrapper.cc */; };
/* End PBXBuildFile section */

/* Begin PBXCopyFilesBuildPhase section */
		D94090C422F1A2A700EB3EBD /* CopyFiles */ = {
			isa = PBXCopyFilesBuildPhase;
			buildActionMask = 2147483647;
			dstPath = /usr/share/man/man1/;
			dstSubfolderSpec = 0;
			files = (
			);
			runOnlyForDeploymentPostprocessing = 1;
		};
		D94090D722F1A4B900EB3EBD /* CopyFiles */ = {
			isa = PBXCopyFilesBuildPhase;
			buildActionMask = 2147483647;
			dstPath = /usr/share/man/man1/;
			dstSubfolderSpec = 0;
			files = (
			);
			runOnlyForDeploymentPostprocessing = 1;
		};
		D94090E622F1A5E800EB3EBD /* CopyFiles */ = {
			isa = PBXCopyFilesBuildPhase;
			buildActionMask = 2147483647;
			dstPath = /usr/share/man/man1/;
			dstSubfolderSpec = 0;
			files = (
			);
			runOnlyForDeploymentPostprocessing = 1;
		};
		D94090F522F1A77100EB3EBD /* CopyFiles */ = {
			isa = PBXCopyFilesBuildPhase;
			buildActionMask = 2147483647;
			dstPath = /usr/share/man/man1/;
			dstSubfolderSpec = 0;
			files = (
			);
			runOnlyForDeploymentPostprocessing = 1;
		};
		D99215F822F1BA5800B9C5FC /* CopyFiles */ = {
			isa = PBXCopyFilesBuildPhase;
			buildActionMask = 2147483647;
			dstPath = /usr/share/man/man1/;
			dstSubfolderSpec = 0;
			files = (
			);
			runOnlyForDeploymentPostprocessing = 1;
		};
		D992160722F1BB6D00B9C5FC /* CopyFiles */ = {
			isa = PBXCopyFilesBuildPhase;
			buildActionMask = 2147483647;
			dstPath = /usr/share/man/man1/;
			dstSubfolderSpec = 0;
			files = (
			);
			runOnlyForDeploymentPostprocessing = 1;
		};
		D9CFB45D230CA29100FB2DD8 /* CopyFiles */ = {
			isa = PBXCopyFilesBuildPhase;
			buildActionMask = 2147483647;
			dstPath = /usr/share/man/man1/;
			dstSubfolderSpec = 0;
			files = (
			);
			runOnlyForDeploymentPostprocessing = 1;
		};
		D9CFB468230CA2A300FB2DD8 /* CopyFiles */ = {
			isa = PBXCopyFilesBuildPhase;
			buildActionMask = 2147483647;
			dstPath = /usr/share/man/man1/;
			dstSubfolderSpec = 0;
			files = (
			);
			runOnlyForDeploymentPostprocessing = 1;
		};
/* End PBXCopyFilesBuildPhase section */

/* Begin PBXFileReference section */
		D940909622F195B600EB3EBD /* libLapackWrapperLib.a */ = {isa = PBXFileReference; explicitFileType = archive.ar; includeInIndex = 0; path = libLapackWrapperLib.a; sourceTree = BUILT_PRODUCTS_DIR; };
		D94090C622F1A2A700EB3EBD /* test1-smallfactorization */ = {isa = PBXFileReference; explicitFileType = "compiled.mach-o.executable"; includeInIndex = 0; path = "test1-smallfactorization"; sourceTree = BUILT_PRODUCTS_DIR; };
		D94090D122F1A44600EB3EBD /* Accelerate.framework */ = {isa = PBXFileReference; lastKnownFileType = wrapper.framework; name = Accelerate.framework; path = System/Library/Frameworks/Accelerate.framework; sourceTree = SDKROOT; };
		D94090D322F1A49300EB3EBD /* test1-small-factorization.cc */ = {isa = PBXFileReference; fileEncoding = 4; lastKnownFileType = sourcecode.cpp.cpp; name = "test1-small-factorization.cc"; path = "../src_tests/test1-small-factorization.cc"; sourceTree = "<group>"; };
		D94090D922F1A4B900EB3EBD /* test2-timing */ = {isa = PBXFileReference; explicitFileType = "compiled.mach-o.executable"; includeInIndex = 0; path = "test2-timing"; sourceTree = BUILT_PRODUCTS_DIR; };
		D94090E022F1A4D200EB3EBD /* test2-Timing.cc */ = {isa = PBXFileReference; fileEncoding = 4; lastKnownFileType = sourcecode.cpp.cpp; name = "test2-Timing.cc"; path = "../src_tests/test2-Timing.cc"; sourceTree = "<group>"; };
		D94090E822F1A5E800EB3EBD /* test3-banded-matrix */ = {isa = PBXFileReference; explicitFileType = "compiled.mach-o.executable"; includeInIndex = 0; path = "test3-banded-matrix"; sourceTree = BUILT_PRODUCTS_DIR; };
		D94090EF22F1A5F300EB3EBD /* test3-BandedMatrix.cc */ = {isa = PBXFileReference; fileEncoding = 4; lastKnownFileType = sourcecode.cpp.cpp; name = "test3-BandedMatrix.cc"; path = "../src_tests/test3-BandedMatrix.cc"; sourceTree = "<group>"; };
		D94090F722F1A77100EB3EBD /* test4-BFGS */ = {isa = PBXFileReference; explicitFileType = "compiled.mach-o.executable"; includeInIndex = 0; path = "test4-BFGS"; sourceTree = BUILT_PRODUCTS_DIR; };
		D94090FE22F1A77F00EB3EBD /* test4-BFGS.cc */ = {isa = PBXFileReference; fileEncoding = 4; lastKnownFileType = sourcecode.cpp.cpp; name = "test4-BFGS.cc"; path = "../src_tests/test4-BFGS.cc"; sourceTree = "<group>"; };
		D958BC9C22F32F0B00D41FCA /* lapack_wrapper.hh */ = {isa = PBXFileReference; fileEncoding = 4; lastKnownFileType = sourcecode.cpp.h; path = lapack_wrapper.hh; sourceTree = "<group>"; };
		D958BCAC22F32F0B00D41FCA /* lapack_wrapper.cc */ = {isa = PBXFileReference; fileEncoding = 4; lastKnownFileType = sourcecode.cpp.cpp; path = lapack_wrapper.cc; sourceTree = "<group>"; };
		D958BCAD22F32F0B00D41FCA /* lapack_wrapper_config.hh.tmpl */ = {isa = PBXFileReference; fileEncoding = 4; lastKnownFileType = text; path = lapack_wrapper_config.hh.tmpl; sourceTree = "<group>"; };
		D958BCAE22F32F0B00D41FCA /* lapack_wrapper++.hh */ = {isa = PBXFileReference; fileEncoding = 4; lastKnownFileType = sourcecode.cpp.h; path = "lapack_wrapper++.hh"; sourceTree = "<group>"; };
		D958BCAF22F32F0B00D41FCA /* lapack_wrapper++.cc */ = {isa = PBXFileReference; fileEncoding = 4; lastKnownFileType = sourcecode.cpp.cpp; path = "lapack_wrapper++.cc"; sourceTree = "<group>"; };
		D958BCB022F32F0B00D41FCA /* lapack_wrapper_config.hh */ = {isa = PBXFileReference; fileEncoding = 4; lastKnownFileType = sourcecode.cpp.h; path = lapack_wrapper_config.hh; sourceTree = "<group>"; };
		D99215FA22F1BA5800B9C5FC /* test5-BLOCKTRID */ = {isa = PBXFileReference; explicitFileType = "compiled.mach-o.executable"; includeInIndex = 0; path = "test5-BLOCKTRID"; sourceTree = BUILT_PRODUCTS_DIR; };
		D992160122F1BA6500B9C5FC /* test5-BLOCKTRID.cc */ = {isa = PBXFileReference; fileEncoding = 4; lastKnownFileType = sourcecode.cpp.cpp; name = "test5-BLOCKTRID.cc"; path = "../src_tests/test5-BLOCKTRID.cc"; sourceTree = "<group>"; };
		D992160922F1BB6D00B9C5FC /* test6-EIGS */ = {isa = PBXFileReference; explicitFileType = "compiled.mach-o.executable"; includeInIndex = 0; path = "test6-EIGS"; sourceTree = BUILT_PRODUCTS_DIR; };
		D992161022F1BB7900B9C5FC /* test6-EIGS.cc */ = {isa = PBXFileReference; fileEncoding = 4; lastKnownFileType = sourcecode.cpp.cpp; name = "test6-EIGS.cc"; path = "../src_tests/test6-EIGS.cc"; sourceTree = "<group>"; };
		D9A1A90323192FFF002C8826 /* libsuperlu.a */ = {isa = PBXFileReference; lastKnownFileType = archive.ar; name = libsuperlu.a; path = ../lib3rd/lib/libsuperlu.a; sourceTree = "<group>"; };
		D9A1A90D2319304F002C8826 /* libHSL_static.a */ = {isa = PBXFileReference; lastKnownFileType = archive.ar; name = libHSL_static.a; path = ../lib3rd/lib/libHSL_static.a; sourceTree = "<group>"; };
		D9BB56F42319C6B200DBED80 /* libumfpack.a */ = {isa = PBXFileReference; lastKnownFileType = archive.ar; name = libumfpack.a; path = "../../../../../../../usr/local/Cellar/suite-sparse/5.4.0_1/lib/libumfpack.a"; sourceTree = "<group>"; };
		D9CFB422230CA26500FB2DD8 /* sparse_tool_matrix_market.hh */ = {isa = PBXFileReference; fileEncoding = 4; lastKnownFileType = sourcecode.cpp.h; path = sparse_tool_matrix_market.hh; sourceTree = "<group>"; };
		D9CFB424230CA26500FB2DD8 /* sparse_tool.hh */ = {isa = PBXFileReference; fileEncoding = 4; lastKnownFileType = sourcecode.cpp.h; path = sparse_tool.hh; sourceTree = "<group>"; };
		D9CFB428230CA26500FB2DD8 /* sparse_tool_iterative.hh */ = {isa = PBXFileReference; fileEncoding = 4; lastKnownFileType = sourcecode.cpp.h; path = sparse_tool_iterative.hh; sourceTree = "<group>"; };
		D9CFB432230CA26500FB2DD8 /* sparse_tool_extra.hh */ = {isa = PBXFileReference; fileEncoding = 4; lastKnownFileType = sourcecode.cpp.h; path = sparse_tool_extra.hh; sourceTree = "<group>"; };
		D9CFB461230CA29100FB2DD8 /* test7-SparseTool */ = {isa = PBXFileReference; explicitFileType = "compiled.mach-o.executable"; includeInIndex = 0; path = "test7-SparseTool"; sourceTree = BUILT_PRODUCTS_DIR; };
		D9CFB46C230CA2A300FB2DD8 /* test8-SparseToolComplex */ = {isa = PBXFileReference; explicitFileType = "compiled.mach-o.executable"; includeInIndex = 0; path = "test8-SparseToolComplex"; sourceTree = BUILT_PRODUCTS_DIR; };
		D9CFB46D230CA2BB00FB2DD8 /* test7-SparseTool.cc */ = {isa = PBXFileReference; fileEncoding = 4; lastKnownFileType = sourcecode.cpp.cpp; name = "test7-SparseTool.cc"; path = "../src_tests/test7-SparseTool.cc"; sourceTree = "<group>"; };
		D9CFB46F230CA2C100FB2DD8 /* test8-SparseToolComplex.cc */ = {isa = PBXFileReference; fileEncoding = 4; lastKnownFileType = sourcecode.cpp.cpp; name = "test8-SparseToolComplex.cc"; path = "../src_tests/test8-SparseToolComplex.cc"; sourceTree = "<group>"; };
		D9D2A21C230F53570031294A /* preconditioner */ = {isa = PBXFileReference; lastKnownFileType = folder; path = preconditioner; sourceTree = "<group>"; };
		D9D2A21D230F53DB0031294A /* iterative */ = {isa = PBXFileReference; lastKnownFileType = folder; path = iterative; sourceTree = "<group>"; };
		D9DE0B3C22F3811C00C08382 /* code */ = {isa = PBXFileReference; lastKnownFileType = folder; path = code; sourceTree = "<group>"; };
		D9DE0B3D22F381FE00C08382 /* TicToc.hh */ = {isa = PBXFileReference; lastKnownFileType = sourcecode.cpp.h; path = TicToc.hh; sourceTree = "<group>"; };
		D9DE0B3E22F3827B00C08382 /* code++ */ = {isa = PBXFileReference; lastKnownFileType = folder; path = "code++"; sourceTree = "<group>"; };
		D9F9C5502313DAF600764E6C /* izstream_impl.hh */ = {isa = PBXFileReference; fileEncoding = 4; lastKnownFileType = sourcecode.cpp.h; path = izstream_impl.hh; sourceTree = "<group>"; };
		D9F9C5512313DAF600764E6C /* izstream.hh */ = {isa = PBXFileReference; fileEncoding = 4; lastKnownFileType = sourcecode.cpp.h; path = izstream.hh; sourceTree = "<group>"; };
		D9F9C5522313DAF600764E6C /* ozstream.hh */ = {isa = PBXFileReference; fileEncoding = 4; lastKnownFileType = sourcecode.cpp.h; path = ozstream.hh; sourceTree = "<group>"; };
		D9F9C5532313DAF600764E6C /* ozstream_impl.hh */ = {isa = PBXFileReference; fileEncoding = 4; lastKnownFileType = sourcecode.cpp.h; path = ozstream_impl.hh; sourceTree = "<group>"; };
		D9F9C5542313DAF700764E6C /* Readme.md */ = {isa = PBXFileReference; fileEncoding = 4; lastKnownFileType = net.daringfireball.markdown; path = Readme.md; sourceTree = "<group>"; };
		D9FDAD4C23100C3A0092DF2A /* hsl_solver.hh */ = {isa = PBXFileReference; fileEncoding = 4; lastKnownFileType = sourcecode.cpp.h; path = hsl_solver.hh; sourceTree = "<group>"; };
		D9FDAD4D23100C3A0092DF2A /* ma48_wrapper.cc */ = {isa = PBXFileReference; fileEncoding = 4; lastKnownFileType = sourcecode.cpp.cpp; path = ma48_wrapper.cc; sourceTree = "<group>"; };
		D9FDAD4E23100C3A0092DF2A /* ma48_wrapper.hh */ = {isa = PBXFileReference; fileEncoding = 4; lastKnownFileType = sourcecode.cpp.h; path = ma48_wrapper.hh; sourceTree = "<group>"; };
		D9FDAD4F23100C3A0092DF2A /* hsl.h */ = {isa = PBXFileReference; fileEncoding = 4; lastKnownFileType = sourcecode.c.h; path = hsl.h; sourceTree = "<group>"; };
		D9FDAD5023100C3A0092DF2A /* ma57_wrapper.hh */ = {isa = PBXFileReference; fileEncoding = 4; lastKnownFileType = sourcecode.cpp.h; path = ma57_wrapper.hh; sourceTree = "<group>"; };
		D9FDAD58231010FF0092DF2A /* interfaces */ = {isa = PBXFileReference; lastKnownFileType = folder; path = interfaces; sourceTree = "<group>"; };
		D9FDAD592310575A0092DF2A /* ma57_wrapper.cc */ = {isa = PBXFileReference; fileEncoding = 4; lastKnownFileType = sourcecode.cpp.cpp; path = ma57_wrapper.cc; sourceTree = "<group>"; };
/* End PBXFileReference section */

/* Begin PBXFrameworksBuildPhase section */
		D940909422F195B600EB3EBD /* Frameworks */ = {
			isa = PBXFrameworksBuildPhase;
			buildActionMask = 2147483647;
			files = (
				D9A1A90423192FFF002C8826 /* libsuperlu.a in Frameworks */,
				D9A1A90E2319304F002C8826 /* libHSL_static.a in Frameworks */,
			);
			runOnlyForDeploymentPostprocessing = 0;
		};
		D94090C322F1A2A700EB3EBD /* Frameworks */ = {
			isa = PBXFrameworksBuildPhase;
			buildActionMask = 2147483647;
			files = (
				D94090D222F1A44700EB3EBD /* Accelerate.framework in Frameworks */,
				D94090D022F1A2DC00EB3EBD /* libLapackWrapperLib.a in Frameworks */,
				D9A1A90523192FFF002C8826 /* libsuperlu.a in Frameworks */,
				D9A1A90F2319304F002C8826 /* libHSL_static.a in Frameworks */,
			);
			runOnlyForDeploymentPostprocessing = 0;
		};
		D94090D622F1A4B900EB3EBD /* Frameworks */ = {
			isa = PBXFrameworksBuildPhase;
			buildActionMask = 2147483647;
			files = (
				D94090E222F1A56C00EB3EBD /* libLapackWrapperLib.a in Frameworks */,
				D9A1A90623192FFF002C8826 /* libsuperlu.a in Frameworks */,
				D94090E322F1A56C00EB3EBD /* Accelerate.framework in Frameworks */,
				D9A1A9102319304F002C8826 /* libHSL_static.a in Frameworks */,
			);
			runOnlyForDeploymentPostprocessing = 0;
		};
		D94090E522F1A5E800EB3EBD /* Frameworks */ = {
			isa = PBXFrameworksBuildPhase;
			buildActionMask = 2147483647;
			files = (
				D94090F122F1A62C00EB3EBD /* libLapackWrapperLib.a in Frameworks */,
				D9A1A90723192FFF002C8826 /* libsuperlu.a in Frameworks */,
				D94090F222F1A62C00EB3EBD /* Accelerate.framework in Frameworks */,
				D9A1A9112319304F002C8826 /* libHSL_static.a in Frameworks */,
			);
			runOnlyForDeploymentPostprocessing = 0;
		};
		D94090F422F1A77100EB3EBD /* Frameworks */ = {
			isa = PBXFrameworksBuildPhase;
			buildActionMask = 2147483647;
			files = (
				D940910022F1A7AF00EB3EBD /* libLapackWrapperLib.a in Frameworks */,
				D9A1A90823192FFF002C8826 /* libsuperlu.a in Frameworks */,
				D940910122F1A7AF00EB3EBD /* Accelerate.framework in Frameworks */,
				D9A1A9122319304F002C8826 /* libHSL_static.a in Frameworks */,
			);
			runOnlyForDeploymentPostprocessing = 0;
		};
		D99215F722F1BA5800B9C5FC /* Frameworks */ = {
			isa = PBXFrameworksBuildPhase;
			buildActionMask = 2147483647;
			files = (
				D992160322F1BA6D00B9C5FC /* libLapackWrapperLib.a in Frameworks */,
				D9A1A90923192FFF002C8826 /* libsuperlu.a in Frameworks */,
				D992160422F1BA6D00B9C5FC /* Accelerate.framework in Frameworks */,
				D9A1A9132319304F002C8826 /* libHSL_static.a in Frameworks */,
			);
			runOnlyForDeploymentPostprocessing = 0;
		};
		D992160622F1BB6D00B9C5FC /* Frameworks */ = {
			isa = PBXFrameworksBuildPhase;
			buildActionMask = 2147483647;
			files = (
				D992161222F1BC5400B9C5FC /* libLapackWrapperLib.a in Frameworks */,
				D9A1A90A23192FFF002C8826 /* libsuperlu.a in Frameworks */,
				D992161322F1BC5400B9C5FC /* Accelerate.framework in Frameworks */,
				D9A1A9142319304F002C8826 /* libHSL_static.a in Frameworks */,
			);
			runOnlyForDeploymentPostprocessing = 0;
		};
		D9CFB45A230CA29100FB2DD8 /* Frameworks */ = {
			isa = PBXFrameworksBuildPhase;
			buildActionMask = 2147483647;
			files = (
				D9BB56F52319C6B200DBED80 /* libumfpack.a in Frameworks */,
				D9CFB45B230CA29100FB2DD8 /* libLapackWrapperLib.a in Frameworks */,
				D9CFB45C230CA29100FB2DD8 /* Accelerate.framework in Frameworks */,
				D9A1A90B23192FFF002C8826 /* libsuperlu.a in Frameworks */,
				D9A1A9152319304F002C8826 /* libHSL_static.a in Frameworks */,
			);
			runOnlyForDeploymentPostprocessing = 0;
		};
		D9CFB465230CA2A300FB2DD8 /* Frameworks */ = {
			isa = PBXFrameworksBuildPhase;
			buildActionMask = 2147483647;
			files = (
				D9CFB466230CA2A300FB2DD8 /* libLapackWrapperLib.a in Frameworks */,
				D9CFB467230CA2A300FB2DD8 /* Accelerate.framework in Frameworks */,
				D9A1A90C23192FFF002C8826 /* libsuperlu.a in Frameworks */,
				D9A1A9162319304F002C8826 /* libHSL_static.a in Frameworks */,
			);
			runOnlyForDeploymentPostprocessing = 0;
		};
/* End PBXFrameworksBuildPhase section */

/* Begin PBXGroup section */
		D91E109522F18EFE00315DDB = {
			isa = PBXGroup;
			children = (
				D9A1A90D2319304F002C8826 /* libHSL_static.a */,
				D9A1A90323192FFF002C8826 /* libsuperlu.a */,
				D91E109F22F18EFE00315DDB /* Products */,
				D94090D322F1A49300EB3EBD /* test1-small-factorization.cc */,
				D94090E022F1A4D200EB3EBD /* test2-Timing.cc */,
				D94090EF22F1A5F300EB3EBD /* test3-BandedMatrix.cc */,
				D94090FE22F1A77F00EB3EBD /* test4-BFGS.cc */,
				D992160122F1BA6500B9C5FC /* test5-BLOCKTRID.cc */,
				D992161022F1BB7900B9C5FC /* test6-EIGS.cc */,
				D9CFB46D230CA2BB00FB2DD8 /* test7-SparseTool.cc */,
				D9CFB46F230CA2C100FB2DD8 /* test8-SparseToolComplex.cc */,
				D958BC9A22F32F0B00D41FCA /* src */,
				D94090CF22F1A2DC00EB3EBD /* Frameworks */,
			);
			sourceTree = "<group>";
		};
		D91E109F22F18EFE00315DDB /* Products */ = {
			isa = PBXGroup;
			children = (
				D940909622F195B600EB3EBD /* libLapackWrapperLib.a */,
				D94090C622F1A2A700EB3EBD /* test1-smallfactorization */,
				D94090D922F1A4B900EB3EBD /* test2-timing */,
				D94090E822F1A5E800EB3EBD /* test3-banded-matrix */,
				D94090F722F1A77100EB3EBD /* test4-BFGS */,
				D99215FA22F1BA5800B9C5FC /* test5-BLOCKTRID */,
				D992160922F1BB6D00B9C5FC /* test6-EIGS */,
				D9CFB461230CA29100FB2DD8 /* test7-SparseTool */,
				D9CFB46C230CA2A300FB2DD8 /* test8-SparseToolComplex */,
			);
			name = Products;
			sourceTree = "<group>";
		};
		D94090CF22F1A2DC00EB3EBD /* Frameworks */ = {
			isa = PBXGroup;
			children = (
				D9BB56F42319C6B200DBED80 /* libumfpack.a */,
				D94090D122F1A44600EB3EBD /* Accelerate.framework */,
			);
			name = Frameworks;
			sourceTree = "<group>";
		};
		D958BC9A22F32F0B00D41FCA /* src */ = {
			isa = PBXGroup;
			children = (
				D9FDAD4B23100C3A0092DF2A /* HSL */,
				D9CFB471230CA3A500FB2DD8 /* zstream */,
				D9CFB41A230CA26500FB2DD8 /* sparse_tool */,
				D958BC9B22F32F0B00D41FCA /* lapack_wrapper */,
			);
			name = src;
			path = ../src;
			sourceTree = "<group>";
		};
		D958BC9B22F32F0B00D41FCA /* lapack_wrapper */ = {
			isa = PBXGroup;
			children = (
				D9DE0B3E22F3827B00C08382 /* code++ */,
				D9DE0B3C22F3811C00C08382 /* code */,
				D958BCAD22F32F0B00D41FCA /* lapack_wrapper_config.hh.tmpl */,
				D958BCB022F32F0B00D41FCA /* lapack_wrapper_config.hh */,
				D9DE0B3D22F381FE00C08382 /* TicToc.hh */,
				D958BC9C22F32F0B00D41FCA /* lapack_wrapper.hh */,
				D958BCAC22F32F0B00D41FCA /* lapack_wrapper.cc */,
				D958BCAE22F32F0B00D41FCA /* lapack_wrapper++.hh */,
				D958BCAF22F32F0B00D41FCA /* lapack_wrapper++.cc */,
			);
			path = lapack_wrapper;
			sourceTree = "<group>";
		};
		D9CFB41A230CA26500FB2DD8 /* sparse_tool */ = {
			isa = PBXGroup;
			children = (
				D9FDAD58231010FF0092DF2A /* interfaces */,
				D9D2A21D230F53DB0031294A /* iterative */,
				D9D2A21C230F53570031294A /* preconditioner */,
				D9CFB424230CA26500FB2DD8 /* sparse_tool.hh */,
				D9CFB432230CA26500FB2DD8 /* sparse_tool_extra.hh */,
				D9CFB428230CA26500FB2DD8 /* sparse_tool_iterative.hh */,
				D9CFB422230CA26500FB2DD8 /* sparse_tool_matrix_market.hh */,
			);
			path = sparse_tool;
			sourceTree = "<group>";
		};
		D9CFB471230CA3A500FB2DD8 /* zstream */ = {
			isa = PBXGroup;
			children = (
				D9F9C5502313DAF600764E6C /* izstream_impl.hh */,
				D9F9C5512313DAF600764E6C /* izstream.hh */,
				D9F9C5532313DAF600764E6C /* ozstream_impl.hh */,
				D9F9C5522313DAF600764E6C /* ozstream.hh */,
				D9F9C5542313DAF700764E6C /* Readme.md */,
			);
			path = zstream;
			sourceTree = "<group>";
		};
		D9FDAD4B23100C3A0092DF2A /* HSL */ = {
			isa = PBXGroup;
			children = (
				D9FDAD4F23100C3A0092DF2A /* hsl.h */,
				D9FDAD4C23100C3A0092DF2A /* hsl_solver.hh */,
				D9FDAD4D23100C3A0092DF2A /* ma48_wrapper.cc */,
				D9FDAD4E23100C3A0092DF2A /* ma48_wrapper.hh */,
				D9FDAD5023100C3A0092DF2A /* ma57_wrapper.hh */,
				D9FDAD592310575A0092DF2A /* ma57_wrapper.cc */,
			);
			path = HSL;
			sourceTree = "<group>";
		};
/* End PBXGroup section */

/* Begin PBXHeadersBuildPhase section */
		D940909222F195B600EB3EBD /* Headers */ = {
			isa = PBXHeadersBuildPhase;
			buildActionMask = 2147483647;
			files = (
				D9CFB440230CA26500FB2DD8 /* sparse_tool_matrix_market.hh in Headers */,
				D9CFB446230CA26500FB2DD8 /* sparse_tool_iterative.hh in Headers */,
				D9F9C5552313DAF700764E6C /* izstream_impl.hh in Headers */,
				D9CFB442230CA26500FB2DD8 /* sparse_tool.hh in Headers */,
				D9FDAD5523100C3A0092DF2A /* hsl.h in Headers */,
				D9FDAD5623100C3A0092DF2A /* ma57_wrapper.hh in Headers */,
				D9F9C5582313DAF700764E6C /* ozstream_impl.hh in Headers */,
				D958BCC322F32F0B00D41FCA /* lapack_wrapper_config.hh in Headers */,
				D9CFB450230CA26500FB2DD8 /* sparse_tool_extra.hh in Headers */,
				D958BCB322F32F0B00D41FCA /* lapack_wrapper.hh in Headers */,
				D9FDAD5223100C3A0092DF2A /* hsl_solver.hh in Headers */,
				D9F9C5572313DAF700764E6C /* ozstream.hh in Headers */,
				D958BCC122F32F0B00D41FCA /* lapack_wrapper++.hh in Headers */,
				D9F9C5562313DAF700764E6C /* izstream.hh in Headers */,
				D9FDAD5423100C3A0092DF2A /* ma48_wrapper.hh in Headers */,
			);
			runOnlyForDeploymentPostprocessing = 0;
		};
/* End PBXHeadersBuildPhase section */

/* Begin PBXNativeTarget section */
		D940909522F195B600EB3EBD /* LapackWrapperLib */ = {
			isa = PBXNativeTarget;
			buildConfigurationList = D940909922F195B700EB3EBD /* Build configuration list for PBXNativeTarget "LapackWrapperLib" */;
			buildPhases = (
				D940909222F195B600EB3EBD /* Headers */,
				D940909322F195B600EB3EBD /* Sources */,
				D940909422F195B600EB3EBD /* Frameworks */,
			);
			buildRules = (
			);
			dependencies = (
			);
			name = LapackWrapperLib;
			productName = LapackWrapperLib;
			productReference = D940909622F195B600EB3EBD /* libLapackWrapperLib.a */;
			productType = "com.apple.product-type.library.static";
		};
		D94090C522F1A2A700EB3EBD /* test1-smallfactorization */ = {
			isa = PBXNativeTarget;
			buildConfigurationList = D94090CC22F1A2A700EB3EBD /* Build configuration list for PBXNativeTarget "test1-smallfactorization" */;
			buildPhases = (
				D94090C222F1A2A700EB3EBD /* Sources */,
				D94090C322F1A2A700EB3EBD /* Frameworks */,
				D94090C422F1A2A700EB3EBD /* CopyFiles */,
			);
			buildRules = (
			);
			dependencies = (
			);
			name = "test1-smallfactorization";
			productName = test1;
			productReference = D94090C622F1A2A700EB3EBD /* test1-smallfactorization */;
			productType = "com.apple.product-type.tool";
		};
		D94090D822F1A4B900EB3EBD /* test2-timing */ = {
			isa = PBXNativeTarget;
			buildConfigurationList = D94090DD22F1A4B900EB3EBD /* Build configuration list for PBXNativeTarget "test2-timing" */;
			buildPhases = (
				D94090D522F1A4B900EB3EBD /* Sources */,
				D94090D622F1A4B900EB3EBD /* Frameworks */,
				D94090D722F1A4B900EB3EBD /* CopyFiles */,
			);
			buildRules = (
			);
			dependencies = (
			);
			name = "test2-timing";
			productName = Timing;
			productReference = D94090D922F1A4B900EB3EBD /* test2-timing */;
			productType = "com.apple.product-type.tool";
		};
		D94090E722F1A5E800EB3EBD /* test3-banded-matrix */ = {
			isa = PBXNativeTarget;
			buildConfigurationList = D94090EC22F1A5E800EB3EBD /* Build configuration list for PBXNativeTarget "test3-banded-matrix" */;
			buildPhases = (
				D94090E422F1A5E800EB3EBD /* Sources */,
				D94090E522F1A5E800EB3EBD /* Frameworks */,
				D94090E622F1A5E800EB3EBD /* CopyFiles */,
			);
			buildRules = (
			);
			dependencies = (
			);
			name = "test3-banded-matrix";
			productName = "test3-banded-matrix";
			productReference = D94090E822F1A5E800EB3EBD /* test3-banded-matrix */;
			productType = "com.apple.product-type.tool";
		};
		D94090F622F1A77100EB3EBD /* test4-BFGS */ = {
			isa = PBXNativeTarget;
			buildConfigurationList = D94090FB22F1A77100EB3EBD /* Build configuration list for PBXNativeTarget "test4-BFGS" */;
			buildPhases = (
				D94090F322F1A77100EB3EBD /* Sources */,
				D94090F422F1A77100EB3EBD /* Frameworks */,
				D94090F522F1A77100EB3EBD /* CopyFiles */,
			);
			buildRules = (
			);
			dependencies = (
			);
			name = "test4-BFGS";
			productName = "test4-BFGS";
			productReference = D94090F722F1A77100EB3EBD /* test4-BFGS */;
			productType = "com.apple.product-type.tool";
		};
		D99215F922F1BA5800B9C5FC /* test5-BLOCKTRID */ = {
			isa = PBXNativeTarget;
			buildConfigurationList = D992160022F1BA5800B9C5FC /* Build configuration list for PBXNativeTarget "test5-BLOCKTRID" */;
			buildPhases = (
				D99215F622F1BA5800B9C5FC /* Sources */,
				D99215F722F1BA5800B9C5FC /* Frameworks */,
				D99215F822F1BA5800B9C5FC /* CopyFiles */,
			);
			buildRules = (
			);
			dependencies = (
			);
			name = "test5-BLOCKTRID";
			productName = "test5-BLOCKTRID";
			productReference = D99215FA22F1BA5800B9C5FC /* test5-BLOCKTRID */;
			productType = "com.apple.product-type.tool";
		};
		D992160822F1BB6D00B9C5FC /* test6-EIGS */ = {
			isa = PBXNativeTarget;
			buildConfigurationList = D992160D22F1BB6D00B9C5FC /* Build configuration list for PBXNativeTarget "test6-EIGS" */;
			buildPhases = (
				D992160522F1BB6D00B9C5FC /* Sources */,
				D992160622F1BB6D00B9C5FC /* Frameworks */,
				D992160722F1BB6D00B9C5FC /* CopyFiles */,
			);
			buildRules = (
			);
			dependencies = (
			);
			name = "test6-EIGS";
			productName = "test6-EIGS";
			productReference = D992160922F1BB6D00B9C5FC /* test6-EIGS */;
			productType = "com.apple.product-type.tool";
		};
		D9CFB457230CA29100FB2DD8 /* test7-SparseTool */ = {
			isa = PBXNativeTarget;
			buildConfigurationList = D9CFB45E230CA29100FB2DD8 /* Build configuration list for PBXNativeTarget "test7-SparseTool" */;
			buildPhases = (
				D9CFB458230CA29100FB2DD8 /* Sources */,
				D9CFB45A230CA29100FB2DD8 /* Frameworks */,
				D9CFB45D230CA29100FB2DD8 /* CopyFiles */,
			);
			buildRules = (
			);
			dependencies = (
			);
			name = "test7-SparseTool";
			productName = "test6-EIGS";
			productReference = D9CFB461230CA29100FB2DD8 /* test7-SparseTool */;
			productType = "com.apple.product-type.tool";
		};
		D9CFB462230CA2A300FB2DD8 /* test8-SparseToolComplex */ = {
			isa = PBXNativeTarget;
			buildConfigurationList = D9CFB469230CA2A300FB2DD8 /* Build configuration list for PBXNativeTarget "test8-SparseToolComplex" */;
			buildPhases = (
				D9CFB463230CA2A300FB2DD8 /* Sources */,
				D9CFB465230CA2A300FB2DD8 /* Frameworks */,
				D9CFB468230CA2A300FB2DD8 /* CopyFiles */,
			);
			buildRules = (
			);
			dependencies = (
			);
			name = "test8-SparseToolComplex";
			productName = "test6-EIGS";
			productReference = D9CFB46C230CA2A300FB2DD8 /* test8-SparseToolComplex */;
			productType = "com.apple.product-type.tool";
		};
/* End PBXNativeTarget section */

/* Begin PBXProject section */
		D91E109622F18EFE00315DDB /* Project object */ = {
			isa = PBXProject;
			attributes = {
				LastUpgradeCheck = 1030;
				ORGANIZATIONNAME = "Enrico Bertolazzi";
				TargetAttributes = {
					D940909522F195B600EB3EBD = {
						CreatedOnToolsVersion = 10.3;
					};
					D94090C522F1A2A700EB3EBD = {
						CreatedOnToolsVersion = 10.3;
					};
					D94090D822F1A4B900EB3EBD = {
						CreatedOnToolsVersion = 10.3;
					};
					D94090E722F1A5E800EB3EBD = {
						CreatedOnToolsVersion = 10.3;
					};
					D94090F622F1A77100EB3EBD = {
						CreatedOnToolsVersion = 10.3;
					};
					D99215F922F1BA5800B9C5FC = {
						CreatedOnToolsVersion = 10.3;
					};
					D992160822F1BB6D00B9C5FC = {
						CreatedOnToolsVersion = 10.3;
					};
				};
			};
			buildConfigurationList = D91E109922F18EFE00315DDB /* Build configuration list for PBXProject "LapackWrapper" */;
			compatibilityVersion = "Xcode 9.3";
			developmentRegion = en;
			hasScannedForEncodings = 0;
			knownRegions = (
				en,
			);
			mainGroup = D91E109522F18EFE00315DDB;
			productRefGroup = D91E109F22F18EFE00315DDB /* Products */;
			projectDirPath = "";
			projectRoot = "";
			targets = (
				D940909522F195B600EB3EBD /* LapackWrapperLib */,
				D94090C522F1A2A700EB3EBD /* test1-smallfactorization */,
				D94090D822F1A4B900EB3EBD /* test2-timing */,
				D94090E722F1A5E800EB3EBD /* test3-banded-matrix */,
				D94090F622F1A77100EB3EBD /* test4-BFGS */,
				D99215F922F1BA5800B9C5FC /* test5-BLOCKTRID */,
				D992160822F1BB6D00B9C5FC /* test6-EIGS */,
				D9CFB457230CA29100FB2DD8 /* test7-SparseTool */,
				D9CFB462230CA2A300FB2DD8 /* test8-SparseToolComplex */,
			);
		};
/* End PBXProject section */

/* Begin PBXSourcesBuildPhase section */
		D940909322F195B600EB3EBD /* Sources */ = {
			isa = PBXSourcesBuildPhase;
			buildActionMask = 2147483647;
			files = (
				D958BCC022F32F0B00D41FCA /* lapack_wrapper.cc in Sources */,
				D9FDAD5A2310575A0092DF2A /* ma57_wrapper.cc in Sources */,
				D9FDAD5323100C3A0092DF2A /* ma48_wrapper.cc in Sources */,
				D958BCC222F32F0B00D41FCA /* lapack_wrapper++.cc in Sources */,
			);
			runOnlyForDeploymentPostprocessing = 0;
		};
		D94090C222F1A2A700EB3EBD /* Sources */ = {
			isa = PBXSourcesBuildPhase;
			buildActionMask = 2147483647;
			files = (
				D94090D422F1A49300EB3EBD /* test1-small-factorization.cc in Sources */,
			);
			runOnlyForDeploymentPostprocessing = 0;
		};
		D94090D522F1A4B900EB3EBD /* Sources */ = {
			isa = PBXSourcesBuildPhase;
			buildActionMask = 2147483647;
			files = (
				D94090E122F1A4D200EB3EBD /* test2-Timing.cc in Sources */,
			);
			runOnlyForDeploymentPostprocessing = 0;
		};
		D94090E422F1A5E800EB3EBD /* Sources */ = {
			isa = PBXSourcesBuildPhase;
			buildActionMask = 2147483647;
			files = (
				D94090F022F1A5F300EB3EBD /* test3-BandedMatrix.cc in Sources */,
			);
			runOnlyForDeploymentPostprocessing = 0;
		};
		D94090F322F1A77100EB3EBD /* Sources */ = {
			isa = PBXSourcesBuildPhase;
			buildActionMask = 2147483647;
			files = (
				D94090FF22F1A77F00EB3EBD /* test4-BFGS.cc in Sources */,
			);
			runOnlyForDeploymentPostprocessing = 0;
		};
		D99215F622F1BA5800B9C5FC /* Sources */ = {
			isa = PBXSourcesBuildPhase;
			buildActionMask = 2147483647;
			files = (
				D992160222F1BA6500B9C5FC /* test5-BLOCKTRID.cc in Sources */,
			);
			runOnlyForDeploymentPostprocessing = 0;
		};
		D992160522F1BB6D00B9C5FC /* Sources */ = {
			isa = PBXSourcesBuildPhase;
			buildActionMask = 2147483647;
			files = (
				D992161122F1BB7900B9C5FC /* test6-EIGS.cc in Sources */,
			);
			runOnlyForDeploymentPostprocessing = 0;
		};
		D9CFB458230CA29100FB2DD8 /* Sources */ = {
			isa = PBXSourcesBuildPhase;
			buildActionMask = 2147483647;
			files = (
				D9CFB46E230CA2BC00FB2DD8 /* test7-SparseTool.cc in Sources */,
			);
			runOnlyForDeploymentPostprocessing = 0;
		};
		D9CFB463230CA2A300FB2DD8 /* Sources */ = {
			isa = PBXSourcesBuildPhase;
			buildActionMask = 2147483647;
			files = (
				D9CFB470230CA2C100FB2DD8 /* test8-SparseToolComplex.cc in Sources */,
			);
			runOnlyForDeploymentPostprocessing = 0;
		};
/* End PBXSourcesBuildPhase section */

/* Begin XCBuildConfiguration section */
		D91E10A322F18EFE00315DDB /* Debug */ = {
			isa = XCBuildConfiguration;
			buildSettings = {
				ALWAYS_SEARCH_USER_PATHS = NO;
				CLANG_ANALYZER_NONNULL = YES;
				CLANG_ANALYZER_NUMBER_OBJECT_CONVERSION = YES_AGGRESSIVE;
				CLANG_CXX_LANGUAGE_STANDARD = "gnu++14";
				CLANG_CXX_LIBRARY = "libc++";
				CLANG_ENABLE_MODULES = YES;
				CLANG_ENABLE_OBJC_ARC = YES;
				CLANG_ENABLE_OBJC_WEAK = YES;
				CLANG_WARN_BLOCK_CAPTURE_AUTORELEASING = YES;
				CLANG_WARN_BOOL_CONVERSION = YES;
				CLANG_WARN_COMMA = YES;
				CLANG_WARN_CONSTANT_CONVERSION = YES;
				CLANG_WARN_DEPRECATED_OBJC_IMPLEMENTATIONS = YES;
				CLANG_WARN_DIRECT_OBJC_ISA_USAGE = YES_ERROR;
				CLANG_WARN_DOCUMENTATION_COMMENTS = YES;
				CLANG_WARN_EMPTY_BODY = YES;
				CLANG_WARN_ENUM_CONVERSION = YES;
				CLANG_WARN_INFINITE_RECURSION = YES;
				CLANG_WARN_INT_CONVERSION = YES;
				CLANG_WARN_NON_LITERAL_NULL_CONVERSION = YES;
				CLANG_WARN_OBJC_IMPLICIT_RETAIN_SELF = YES;
				CLANG_WARN_OBJC_LITERAL_CONVERSION = YES;
				CLANG_WARN_OBJC_ROOT_CLASS = YES_ERROR;
				CLANG_WARN_RANGE_LOOP_ANALYSIS = YES;
				CLANG_WARN_STRICT_PROTOTYPES = YES;
				CLANG_WARN_SUSPICIOUS_MOVE = YES;
				CLANG_WARN_UNGUARDED_AVAILABILITY = YES_AGGRESSIVE;
				CLANG_WARN_UNREACHABLE_CODE = YES;
				CLANG_WARN__DUPLICATE_METHOD_MATCH = YES;
				CODE_SIGN_IDENTITY = "-";
				COPY_PHASE_STRIP = NO;
				DEBUG_INFORMATION_FORMAT = dwarf;
				ENABLE_STRICT_OBJC_MSGSEND = YES;
				ENABLE_TESTABILITY = YES;
				GCC_C_LANGUAGE_STANDARD = gnu11;
				GCC_DYNAMIC_NO_PIC = NO;
				GCC_NO_COMMON_BLOCKS = YES;
				GCC_OPTIMIZATION_LEVEL = 0;
				GCC_PREPROCESSOR_DEFINITIONS = (
					"DEBUG=1",
					"$(inherited)",
				);
				GCC_WARN_64_TO_32_BIT_CONVERSION = YES;
				GCC_WARN_ABOUT_RETURN_TYPE = YES_ERROR;
				GCC_WARN_UNDECLARED_SELECTOR = YES;
				GCC_WARN_UNINITIALIZED_AUTOS = YES_AGGRESSIVE;
				GCC_WARN_UNUSED_FUNCTION = YES;
				GCC_WARN_UNUSED_VARIABLE = YES;
				HEADER_SEARCH_PATHS = (
					$SOURCE_ROOT/../lib3rd/include,
					$SOURCE_ROOT/../src,
					/opt/intel/mkl/include/,
					/usr/local/opt/openblas/include,
					/usr/local/include,
				);
				LIBRARY_SEARCH_PATHS = (
					$SOURCE_ROOT/../lib3rd/lib,
					/usr/local/Cellar/gcc/9.2.0/lib/gcc/9/,
					/opt/intel/mkl/lib,
					/usr/local/opt/openblas/lib,
				);
				MACOSX_DEPLOYMENT_TARGET = 10.14;
				MTL_ENABLE_DEBUG_INFO = INCLUDE_SOURCE;
				MTL_FAST_MATH = YES;
				ONLY_ACTIVE_ARCH = YES;
				SDKROOT = macosx;
			};
			name = Debug;
		};
		D91E10A422F18EFE00315DDB /* Release */ = {
			isa = XCBuildConfiguration;
			buildSettings = {
				ALWAYS_SEARCH_USER_PATHS = NO;
				CLANG_ANALYZER_NONNULL = YES;
				CLANG_ANALYZER_NUMBER_OBJECT_CONVERSION = YES_AGGRESSIVE;
				CLANG_CXX_LANGUAGE_STANDARD = "gnu++14";
				CLANG_CXX_LIBRARY = "libc++";
				CLANG_ENABLE_MODULES = YES;
				CLANG_ENABLE_OBJC_ARC = YES;
				CLANG_ENABLE_OBJC_WEAK = YES;
				CLANG_WARN_BLOCK_CAPTURE_AUTORELEASING = YES;
				CLANG_WARN_BOOL_CONVERSION = YES;
				CLANG_WARN_COMMA = YES;
				CLANG_WARN_CONSTANT_CONVERSION = YES;
				CLANG_WARN_DEPRECATED_OBJC_IMPLEMENTATIONS = YES;
				CLANG_WARN_DIRECT_OBJC_ISA_USAGE = YES_ERROR;
				CLANG_WARN_DOCUMENTATION_COMMENTS = YES;
				CLANG_WARN_EMPTY_BODY = YES;
				CLANG_WARN_ENUM_CONVERSION = YES;
				CLANG_WARN_INFINITE_RECURSION = YES;
				CLANG_WARN_INT_CONVERSION = YES;
				CLANG_WARN_NON_LITERAL_NULL_CONVERSION = YES;
				CLANG_WARN_OBJC_IMPLICIT_RETAIN_SELF = YES;
				CLANG_WARN_OBJC_LITERAL_CONVERSION = YES;
				CLANG_WARN_OBJC_ROOT_CLASS = YES_ERROR;
				CLANG_WARN_RANGE_LOOP_ANALYSIS = YES;
				CLANG_WARN_STRICT_PROTOTYPES = YES;
				CLANG_WARN_SUSPICIOUS_MOVE = YES;
				CLANG_WARN_UNGUARDED_AVAILABILITY = YES_AGGRESSIVE;
				CLANG_WARN_UNREACHABLE_CODE = YES;
				CLANG_WARN__DUPLICATE_METHOD_MATCH = YES;
				CODE_SIGN_IDENTITY = "-";
				COPY_PHASE_STRIP = NO;
				DEBUG_INFORMATION_FORMAT = "dwarf-with-dsym";
				ENABLE_NS_ASSERTIONS = NO;
				ENABLE_STRICT_OBJC_MSGSEND = YES;
				GCC_C_LANGUAGE_STANDARD = gnu11;
				GCC_NO_COMMON_BLOCKS = YES;
				GCC_WARN_64_TO_32_BIT_CONVERSION = YES;
				GCC_WARN_ABOUT_RETURN_TYPE = YES_ERROR;
				GCC_WARN_UNDECLARED_SELECTOR = YES;
				GCC_WARN_UNINITIALIZED_AUTOS = YES_AGGRESSIVE;
				GCC_WARN_UNUSED_FUNCTION = YES;
				GCC_WARN_UNUSED_VARIABLE = YES;
				HEADER_SEARCH_PATHS = (
					$SOURCE_ROOT/../lib3rd/include,
					$SOURCE_ROOT/../src,
					/opt/intel/mkl/include/,
					/usr/local/opt/openblas/include,
					/usr/local/include,
				);
				LIBRARY_SEARCH_PATHS = (
					$SOURCE_ROOT/../lib3rd/lib,
					/usr/local/Cellar/gcc/9.2.0/lib/gcc/9/,
					/opt/intel/mkl/lib,
					/usr/local/opt/openblas/lib,
				);
				MACOSX_DEPLOYMENT_TARGET = 10.14;
				MTL_ENABLE_DEBUG_INFO = NO;
				MTL_FAST_MATH = YES;
				SDKROOT = macosx;
			};
			name = Release;
		};
		D940909722F195B700EB3EBD /* Debug */ = {
			isa = XCBuildConfiguration;
			buildSettings = {
				CODE_SIGN_STYLE = Automatic;
				EXECUTABLE_PREFIX = lib;
				PRODUCT_NAME = "$(TARGET_NAME)";
				SKIP_INSTALL = YES;
			};
			name = Debug;
		};
		D940909822F195B700EB3EBD /* Release */ = {
			isa = XCBuildConfiguration;
			buildSettings = {
				CODE_SIGN_STYLE = Automatic;
				EXECUTABLE_PREFIX = lib;
				PRODUCT_NAME = "$(TARGET_NAME)";
				SKIP_INSTALL = YES;
			};
			name = Release;
		};
		D94090CA22F1A2A700EB3EBD /* Debug */ = {
			isa = XCBuildConfiguration;
			buildSettings = {
				CODE_SIGN_STYLE = Automatic;
				PRODUCT_NAME = "$(TARGET_NAME)";
			};
			name = Debug;
		};
		D94090CB22F1A2A700EB3EBD /* Release */ = {
			isa = XCBuildConfiguration;
			buildSettings = {
				CODE_SIGN_STYLE = Automatic;
				PRODUCT_NAME = "$(TARGET_NAME)";
			};
			name = Release;
		};
		D94090DE22F1A4B900EB3EBD /* Debug */ = {
			isa = XCBuildConfiguration;
			buildSettings = {
				CODE_SIGN_STYLE = Automatic;
				PRODUCT_NAME = "$(TARGET_NAME)";
			};
			name = Debug;
		};
		D94090DF22F1A4B900EB3EBD /* Release */ = {
			isa = XCBuildConfiguration;
			buildSettings = {
				CODE_SIGN_STYLE = Automatic;
				PRODUCT_NAME = "$(TARGET_NAME)";
			};
			name = Release;
		};
		D94090ED22F1A5E800EB3EBD /* Debug */ = {
			isa = XCBuildConfiguration;
			buildSettings = {
				CODE_SIGN_STYLE = Automatic;
				PRODUCT_NAME = "$(TARGET_NAME)";
			};
			name = Debug;
		};
		D94090EE22F1A5E800EB3EBD /* Release */ = {
			isa = XCBuildConfiguration;
			buildSettings = {
				CODE_SIGN_STYLE = Automatic;
				PRODUCT_NAME = "$(TARGET_NAME)";
			};
			name = Release;
		};
		D94090FC22F1A77100EB3EBD /* Debug */ = {
			isa = XCBuildConfiguration;
			buildSettings = {
				CODE_SIGN_STYLE = Automatic;
				PRODUCT_NAME = "$(TARGET_NAME)";
			};
			name = Debug;
		};
		D94090FD22F1A77100EB3EBD /* Release */ = {
			isa = XCBuildConfiguration;
			buildSettings = {
				CODE_SIGN_STYLE = Automatic;
				PRODUCT_NAME = "$(TARGET_NAME)";
			};
			name = Release;
		};
		D99215FE22F1BA5800B9C5FC /* Debug */ = {
			isa = XCBuildConfiguration;
			buildSettings = {
				CODE_SIGN_STYLE = Automatic;
				PRODUCT_NAME = "$(TARGET_NAME)";
			};
			name = Debug;
		};
		D99215FF22F1BA5800B9C5FC /* Release */ = {
			isa = XCBuildConfiguration;
			buildSettings = {
				CODE_SIGN_STYLE = Automatic;
				PRODUCT_NAME = "$(TARGET_NAME)";
			};
			name = Release;
		};
		D992160E22F1BB6D00B9C5FC /* Debug */ = {
			isa = XCBuildConfiguration;
			buildSettings = {
				CODE_SIGN_STYLE = Automatic;
				PRODUCT_NAME = "$(TARGET_NAME)";
			};
			name = Debug;
		};
		D992160F22F1BB6D00B9C5FC /* Release */ = {
			isa = XCBuildConfiguration;
			buildSettings = {
				CODE_SIGN_STYLE = Automatic;
				PRODUCT_NAME = "$(TARGET_NAME)";
			};
			name = Release;
		};
		D9CFB45F230CA29100FB2DD8 /* Debug */ = {
			isa = XCBuildConfiguration;
			buildSettings = {
				CODE_SIGN_STYLE = Automatic;
				LIBRARY_SEARCH_PATHS = (
					"$(inherited)",
					"/usr/local/Cellar/suite-sparse/5.4.0_1/lib",
				);
				OTHER_LDFLAGS = (
					"-lz",
					"-lgfortran",
					"-lmkl_sequential",
					"-lmkl_core",
					"-lmkl_intel",
				);
				PRODUCT_NAME = "$(TARGET_NAME)";
			};
			name = Debug;
		};
		D9CFB460230CA29100FB2DD8 /* Release */ = {
			isa = XCBuildConfiguration;
			buildSettings = {
				CODE_SIGN_STYLE = Automatic;
				LIBRARY_SEARCH_PATHS = (
					"$(inherited)",
					"/usr/local/Cellar/suite-sparse/5.4.0_1/lib",
				);
				OTHER_LDFLAGS = (
					"-lz",
					"-lgfortran",
					"-lmkl_sequential",
					"-lmkl_core",
					"-lmkl_intel",
				);
				PRODUCT_NAME = "$(TARGET_NAME)";
			};
			name = Release;
		};
		D9CFB46A230CA2A300FB2DD8 /* Debug */ = {
			isa = XCBuildConfiguration;
			buildSettings = {
				CODE_SIGN_STYLE = Automatic;
				OTHER_LDFLAGS = (
					"-lmkl_intel",
					"-lmkl_core",
					"-lmkl_sequential",
					"-lgfortran",
					"-lz",
				);
				PRODUCT_NAME = "$(TARGET_NAME)";
			};
			name = Debug;
		};
		D9CFB46B230CA2A300FB2DD8 /* Release */ = {
			isa = XCBuildConfiguration;
			buildSettings = {
				CODE_SIGN_STYLE = Automatic;
				OTHER_LDFLAGS = (
					"-lmkl_intel",
					"-lmkl_core",
					"-lmkl_sequential",
					"-lgfortran",
					"-lz",
				);
				PRODUCT_NAME = "$(TARGET_NAME)";
			};
			name = Release;
		};
/* End XCBuildConfiguration section */

/* Begin XCConfigurationList section */
		D91E109922F18EFE00315DDB /* Build configuration list for PBXProject "LapackWrapper" */ = {
			isa = XCConfigurationList;
			buildConfigurations = (
				D91E10A322F18EFE00315DDB /* Debug */,
				D91E10A422F18EFE00315DDB /* Release */,
			);
			defaultConfigurationIsVisible = 0;
			defaultConfigurationName = Release;
		};
		D940909922F195B700EB3EBD /* Build configuration list for PBXNativeTarget "LapackWrapperLib" */ = {
			isa = XCConfigurationList;
			buildConfigurations = (
				D940909722F195B700EB3EBD /* Debug */,
				D940909822F195B700EB3EBD /* Release */,
			);
			defaultConfigurationIsVisible = 0;
			defaultConfigurationName = Release;
		};
		D94090CC22F1A2A700EB3EBD /* Build configuration list for PBXNativeTarget "test1-smallfactorization" */ = {
			isa = XCConfigurationList;
			buildConfigurations = (
				D94090CA22F1A2A700EB3EBD /* Debug */,
				D94090CB22F1A2A700EB3EBD /* Release */,
			);
			defaultConfigurationIsVisible = 0;
			defaultConfigurationName = Release;
		};
		D94090DD22F1A4B900EB3EBD /* Build configuration list for PBXNativeTarget "test2-timing" */ = {
			isa = XCConfigurationList;
			buildConfigurations = (
				D94090DE22F1A4B900EB3EBD /* Debug */,
				D94090DF22F1A4B900EB3EBD /* Release */,
			);
			defaultConfigurationIsVisible = 0;
			defaultConfigurationName = Release;
		};
		D94090EC22F1A5E800EB3EBD /* Build configuration list for PBXNativeTarget "test3-banded-matrix" */ = {
			isa = XCConfigurationList;
			buildConfigurations = (
				D94090ED22F1A5E800EB3EBD /* Debug */,
				D94090EE22F1A5E800EB3EBD /* Release */,
			);
			defaultConfigurationIsVisible = 0;
			defaultConfigurationName = Release;
		};
		D94090FB22F1A77100EB3EBD /* Build configuration list for PBXNativeTarget "test4-BFGS" */ = {
			isa = XCConfigurationList;
			buildConfigurations = (
				D94090FC22F1A77100EB3EBD /* Debug */,
				D94090FD22F1A77100EB3EBD /* Release */,
			);
			defaultConfigurationIsVisible = 0;
			defaultConfigurationName = Release;
		};
		D992160022F1BA5800B9C5FC /* Build configuration list for PBXNativeTarget "test5-BLOCKTRID" */ = {
			isa = XCConfigurationList;
			buildConfigurations = (
				D99215FE22F1BA5800B9C5FC /* Debug */,
				D99215FF22F1BA5800B9C5FC /* Release */,
			);
			defaultConfigurationIsVisible = 0;
			defaultConfigurationName = Release;
		};
		D992160D22F1BB6D00B9C5FC /* Build configuration list for PBXNativeTarget "test6-EIGS" */ = {
			isa = XCConfigurationList;
			buildConfigurations = (
				D992160E22F1BB6D00B9C5FC /* Debug */,
				D992160F22F1BB6D00B9C5FC /* Release */,
			);
			defaultConfigurationIsVisible = 0;
			defaultConfigurationName = Release;
		};
		D9CFB45E230CA29100FB2DD8 /* Build configuration list for PBXNativeTarget "test7-SparseTool" */ = {
			isa = XCConfigurationList;
			buildConfigurations = (
				D9CFB45F230CA29100FB2DD8 /* Debug */,
				D9CFB460230CA29100FB2DD8 /* Release */,
			);
			defaultConfigurationIsVisible = 0;
			defaultConfigurationName = Release;
		};
		D9CFB469230CA2A300FB2DD8 /* Build configuration list for PBXNativeTarget "test8-SparseToolComplex" */ = {
			isa = XCConfigurationList;
			buildConfigurations = (
				D9CFB46A230CA2A300FB2DD8 /* Debug */,
				D9CFB46B230CA2A300FB2DD8 /* Release */,
			);
			defaultConfigurationIsVisible = 0;
			defaultConfigurationName = Release;
		};
/* End XCConfigurationList section */
	};
	rootObject = D91E109622F18EFE00315DDB /* Project object */;
}
