// !$*UTF8*$!
{
	archiveVersion = 1;
	classes = {
	};
	objectVersion = 50;
	objects = {

/* Begin PBXBuildFile section */
		D95739C125C8ACCB004D4F10 /* lapack_wrapper.cc in Sources */ = {isa = PBXBuildFile; fileRef = D957396C25C8ACCB004D4F10 /* lapack_wrapper.cc */; };
		D95739CD25C8ACCB004D4F10 /* lapack_wrapper++.cc in Sources */ = {isa = PBXBuildFile; fileRef = D957398625C8ACCB004D4F10 /* lapack_wrapper++.cc */; };
		D95739CE25C8ACCB004D4F10 /* ma48_wrapper.cc in Sources */ = {isa = PBXBuildFile; fileRef = D957398925C8ACCB004D4F10 /* ma48_wrapper.cc */; };
		D95739CF25C8ACCB004D4F10 /* hsl_solver.cc in Sources */ = {isa = PBXBuildFile; fileRef = D957398B25C8ACCB004D4F10 /* hsl_solver.cc */; };
		D95739D025C8ACCB004D4F10 /* hsl_fake.cc in Sources */ = {isa = PBXBuildFile; fileRef = D957398E25C8ACCB004D4F10 /* hsl_fake.cc */; };
		D95739D125C8ACCB004D4F10 /* ma57_wrapper.cc in Sources */ = {isa = PBXBuildFile; fileRef = D957398F25C8ACCB004D4F10 /* ma57_wrapper.cc */; };
		D95739D225C8ACCB004D4F10 /* NoFLA_HQRRP_WY_blk_var4.cc in Sources */ = {isa = PBXBuildFile; fileRef = D95739B925C8ACCB004D4F10 /* NoFLA_HQRRP_WY_blk_var4.cc */; };
		D95739E225C8AD02004D4F10 /* libUtils_osx_static_debug.a in Frameworks */ = {isa = PBXBuildFile; fileRef = D95739E025C8AD02004D4F10 /* libUtils_osx_static_debug.a */; };
		D95739E325C8AD02004D4F10 /* libsuperlu_osx_static_debug.a in Frameworks */ = {isa = PBXBuildFile; fileRef = D95739E125C8AD02004D4F10 /* libsuperlu_osx_static_debug.a */; };
		D9573A5725C8B057004D4F10 /* Accelerate.framework in Frameworks */ = {isa = PBXBuildFile; fileRef = D9573A5625C8B057004D4F10 /* Accelerate.framework */; };
		D9DD39EE25D3FD0E0060E1B6 /* test1-small-factorization.cc in Sources */ = {isa = PBXBuildFile; fileRef = D95739D925C8ACD1004D4F10 /* test1-small-factorization.cc */; };
/* End PBXBuildFile section */

/* Begin PBXCopyFilesBuildPhase section */
		D957394D25C8ACAA004D4F10 /* CopyFiles */ = {
			isa = PBXCopyFilesBuildPhase;
			buildActionMask = 2147483647;
			dstPath = /usr/share/man/man1/;
			dstSubfolderSpec = 0;
			files = (
			);
			runOnlyForDeploymentPostprocessing = 1;
		};
/* End PBXCopyFilesBuildPhase section */

/* Begin PBXFileReference section */
		D957394F25C8ACAA004D4F10 /* test */ = {isa = PBXFileReference; explicitFileType = "compiled.mach-o.executable"; includeInIndex = 0; path = test; sourceTree = BUILT_PRODUCTS_DIR; };
		D957395E25C8ACCA004D4F10 /* lapack_wrapper.hh */ = {isa = PBXFileReference; fileEncoding = 4; lastKnownFileType = sourcecode.cpp.h; path = lapack_wrapper.hh; sourceTree = "<group>"; };
		D957396025C8ACCA004D4F10 /* sparse.cxx */ = {isa = PBXFileReference; fileEncoding = 4; lastKnownFileType = sourcecode.cpp.cpp; path = sparse.cxx; sourceTree = "<group>"; };
		D957396125C8ACCA004D4F10 /* banded.hxx */ = {isa = PBXFileReference; fileEncoding = 4; lastKnownFileType = sourcecode.cpp.h; path = banded.hxx; sourceTree = "<group>"; };
		D957396225C8ACCA004D4F10 /* wrapper.hxx */ = {isa = PBXFileReference; fileEncoding = 4; lastKnownFileType = sourcecode.cpp.h; path = wrapper.hxx; sourceTree = "<group>"; };
		D957396325C8ACCB004D4F10 /* general.hxx */ = {isa = PBXFileReference; fileEncoding = 4; lastKnownFileType = sourcecode.cpp.h; path = general.hxx; sourceTree = "<group>"; };
		D957396425C8ACCB004D4F10 /* rank_estimate.cxx */ = {isa = PBXFileReference; fileEncoding = 4; lastKnownFileType = sourcecode.cpp.cpp; path = rank_estimate.cxx; sourceTree = "<group>"; };
		D957396525C8ACCB004D4F10 /* symmetric.hxx */ = {isa = PBXFileReference; fileEncoding = 4; lastKnownFileType = sourcecode.cpp.h; path = symmetric.hxx; sourceTree = "<group>"; };
		D957396625C8ACCB004D4F10 /* triangular.hxx */ = {isa = PBXFileReference; fileEncoding = 4; lastKnownFileType = sourcecode.cpp.h; path = triangular.hxx; sourceTree = "<group>"; };
		D957396725C8ACCB004D4F10 /* tridiagonal.hxx */ = {isa = PBXFileReference; fileEncoding = 4; lastKnownFileType = sourcecode.cpp.h; path = tridiagonal.hxx; sourceTree = "<group>"; };
		D957396825C8ACCB004D4F10 /* blas.hxx */ = {isa = PBXFileReference; fileEncoding = 4; lastKnownFileType = sourcecode.cpp.h; path = blas.hxx; sourceTree = "<group>"; };
		D957396925C8ACCB004D4F10 /* general_qr.hxx */ = {isa = PBXFileReference; fileEncoding = 4; lastKnownFileType = sourcecode.cpp.h; path = general_qr.hxx; sourceTree = "<group>"; };
		D957396A25C8ACCB004D4F10 /* sparse.hxx */ = {isa = PBXFileReference; fileEncoding = 4; lastKnownFileType = sourcecode.cpp.h; path = sparse.hxx; sourceTree = "<group>"; };
		D957396B25C8ACCB004D4F10 /* wrapper.cxx */ = {isa = PBXFileReference; fileEncoding = 4; lastKnownFileType = sourcecode.cpp.cpp; path = wrapper.cxx; sourceTree = "<group>"; };
		D957396C25C8ACCB004D4F10 /* lapack_wrapper.cc */ = {isa = PBXFileReference; fileEncoding = 4; lastKnownFileType = sourcecode.cpp.cpp; path = lapack_wrapper.cc; sourceTree = "<group>"; };
		D957396D25C8ACCB004D4F10 /* lapack_wrapper_tmpl.hh */ = {isa = PBXFileReference; fileEncoding = 4; lastKnownFileType = sourcecode.cpp.h; path = lapack_wrapper_tmpl.hh; sourceTree = "<group>"; };
		D957396E25C8ACCB004D4F10 /* lapack_wrapper++.hh */ = {isa = PBXFileReference; fileEncoding = 4; lastKnownFileType = sourcecode.cpp.h; path = "lapack_wrapper++.hh"; sourceTree = "<group>"; };
		D957397025C8ACCB004D4F10 /* band.cxx */ = {isa = PBXFileReference; fileEncoding = 4; lastKnownFileType = sourcecode.cpp.cpp; path = band.cxx; sourceTree = "<group>"; };
		D957397125C8ACCB004D4F10 /* ls.cxx */ = {isa = PBXFileReference; fileEncoding = 4; lastKnownFileType = sourcecode.cpp.cpp; path = ls.cxx; sourceTree = "<group>"; };
		D957397225C8ACCB004D4F10 /* svd.hxx */ = {isa = PBXFileReference; fileEncoding = 4; lastKnownFileType = sourcecode.cpp.h; path = svd.hxx; sourceTree = "<group>"; };
		D957397325C8ACCB004D4F10 /* eig.cxx */ = {isa = PBXFileReference; fileEncoding = 4; lastKnownFileType = sourcecode.cpp.cpp; path = eig.cxx; sourceTree = "<group>"; };
		D957397425C8ACCB004D4F10 /* lu.cxx */ = {isa = PBXFileReference; fileEncoding = 4; lastKnownFileType = sourcecode.cpp.cpp; path = lu.cxx; sourceTree = "<group>"; };
		D957397525C8ACCB004D4F10 /* qn.cxx */ = {isa = PBXFileReference; fileEncoding = 4; lastKnownFileType = sourcecode.cpp.cpp; path = qn.cxx; sourceTree = "<group>"; };
		D957397625C8ACCB004D4F10 /* trid.hxx */ = {isa = PBXFileReference; fileEncoding = 4; lastKnownFileType = sourcecode.cpp.h; path = trid.hxx; sourceTree = "<group>"; };
		D957397725C8ACCB004D4F10 /* qr.hxx */ = {isa = PBXFileReference; fileEncoding = 4; lastKnownFileType = sourcecode.cpp.h; path = qr.hxx; sourceTree = "<group>"; };
		D957397825C8ACCB004D4F10 /* pinv.hxx */ = {isa = PBXFileReference; fileEncoding = 4; lastKnownFileType = sourcecode.cpp.h; path = pinv.hxx; sourceTree = "<group>"; };
		D957397925C8ACCB004D4F10 /* lsc.cxx */ = {isa = PBXFileReference; fileEncoding = 4; lastKnownFileType = sourcecode.cpp.cpp; path = lsc.cxx; sourceTree = "<group>"; };
		D957397A25C8ACCB004D4F10 /* block_trid.cxx */ = {isa = PBXFileReference; fileEncoding = 4; lastKnownFileType = sourcecode.cpp.cpp; path = block_trid.cxx; sourceTree = "<group>"; };
		D957397B25C8ACCB004D4F10 /* qn.hxx */ = {isa = PBXFileReference; fileEncoding = 4; lastKnownFileType = sourcecode.cpp.h; path = qn.hxx; sourceTree = "<group>"; };
		D957397C25C8ACCB004D4F10 /* trid.cxx */ = {isa = PBXFileReference; fileEncoding = 4; lastKnownFileType = sourcecode.cpp.cpp; path = trid.cxx; sourceTree = "<group>"; };
		D957397D25C8ACCB004D4F10 /* qr.cxx */ = {isa = PBXFileReference; fileEncoding = 4; lastKnownFileType = sourcecode.cpp.cpp; path = qr.cxx; sourceTree = "<group>"; };
		D957397E25C8ACCB004D4F10 /* pinv.cxx */ = {isa = PBXFileReference; fileEncoding = 4; lastKnownFileType = sourcecode.cpp.cpp; path = pinv.cxx; sourceTree = "<group>"; };
		D957397F25C8ACCB004D4F10 /* lsc.hxx */ = {isa = PBXFileReference; fileEncoding = 4; lastKnownFileType = sourcecode.cpp.h; path = lsc.hxx; sourceTree = "<group>"; };
		D957398025C8ACCB004D4F10 /* block_trid.hxx */ = {isa = PBXFileReference; fileEncoding = 4; lastKnownFileType = sourcecode.cpp.h; path = block_trid.hxx; sourceTree = "<group>"; };
		D957398125C8ACCB004D4F10 /* band.hxx */ = {isa = PBXFileReference; fileEncoding = 4; lastKnownFileType = sourcecode.cpp.h; path = band.hxx; sourceTree = "<group>"; };
		D957398225C8ACCB004D4F10 /* svd.cxx */ = {isa = PBXFileReference; fileEncoding = 4; lastKnownFileType = sourcecode.cpp.cpp; path = svd.cxx; sourceTree = "<group>"; };
		D957398325C8ACCB004D4F10 /* ls.hxx */ = {isa = PBXFileReference; fileEncoding = 4; lastKnownFileType = sourcecode.cpp.h; path = ls.hxx; sourceTree = "<group>"; };
		D957398425C8ACCB004D4F10 /* eig.hxx */ = {isa = PBXFileReference; fileEncoding = 4; lastKnownFileType = sourcecode.cpp.h; path = eig.hxx; sourceTree = "<group>"; };
		D957398525C8ACCB004D4F10 /* lu.hxx */ = {isa = PBXFileReference; fileEncoding = 4; lastKnownFileType = sourcecode.cpp.h; path = lu.hxx; sourceTree = "<group>"; };
		D957398625C8ACCB004D4F10 /* lapack_wrapper++.cc */ = {isa = PBXFileReference; fileEncoding = 4; lastKnownFileType = sourcecode.cpp.cpp; path = "lapack_wrapper++.cc"; sourceTree = "<group>"; };
		D957398825C8ACCB004D4F10 /* hsl_solver.hh */ = {isa = PBXFileReference; fileEncoding = 4; lastKnownFileType = sourcecode.cpp.h; path = hsl_solver.hh; sourceTree = "<group>"; };
		D957398925C8ACCB004D4F10 /* ma48_wrapper.cc */ = {isa = PBXFileReference; fileEncoding = 4; lastKnownFileType = sourcecode.cpp.cpp; path = ma48_wrapper.cc; sourceTree = "<group>"; };
		D957398A25C8ACCB004D4F10 /* ma48_wrapper.hh */ = {isa = PBXFileReference; fileEncoding = 4; lastKnownFileType = sourcecode.cpp.h; path = ma48_wrapper.hh; sourceTree = "<group>"; };
		D957398B25C8ACCB004D4F10 /* hsl_solver.cc */ = {isa = PBXFileReference; fileEncoding = 4; lastKnownFileType = sourcecode.cpp.cpp; path = hsl_solver.cc; sourceTree = "<group>"; };
		D957398C25C8ACCB004D4F10 /* hsl.h */ = {isa = PBXFileReference; fileEncoding = 4; lastKnownFileType = sourcecode.c.h; path = hsl.h; sourceTree = "<group>"; };
		D957398D25C8ACCB004D4F10 /* ma57_wrapper.hh */ = {isa = PBXFileReference; fileEncoding = 4; lastKnownFileType = sourcecode.cpp.h; path = ma57_wrapper.hh; sourceTree = "<group>"; };
		D957398E25C8ACCB004D4F10 /* hsl_fake.cc */ = {isa = PBXFileReference; fileEncoding = 4; lastKnownFileType = sourcecode.cpp.cpp; path = hsl_fake.cc; sourceTree = "<group>"; };
		D957398F25C8ACCB004D4F10 /* ma57_wrapper.cc */ = {isa = PBXFileReference; fileEncoding = 4; lastKnownFileType = sourcecode.cpp.cpp; path = ma57_wrapper.cc; sourceTree = "<group>"; };
		D957399025C8ACCB004D4F10 /* lapack_wrapper_libs.hh */ = {isa = PBXFileReference; fileEncoding = 4; lastKnownFileType = sourcecode.cpp.h; path = lapack_wrapper_libs.hh; sourceTree = "<group>"; };
		D957399325C8ACCB004D4F10 /* sor.hxx */ = {isa = PBXFileReference; fileEncoding = 4; lastKnownFileType = sourcecode.cpp.h; path = sor.hxx; sourceTree = "<group>"; };
		D957399425C8ACCB004D4F10 /* hss_chebyshev.hxx */ = {isa = PBXFileReference; fileEncoding = 4; lastKnownFileType = sourcecode.cpp.h; path = hss_chebyshev.hxx; sourceTree = "<group>"; };
		D957399525C8ACCB004D4F10 /* hss_opoly_ssor.hxx */ = {isa = PBXFileReference; fileEncoding = 4; lastKnownFileType = sourcecode.cpp.h; path = hss_opoly_ssor.hxx; sourceTree = "<group>"; };
		D957399625C8ACCB004D4F10 /* hss_ildu.hxx */ = {isa = PBXFileReference; fileEncoding = 4; lastKnownFileType = sourcecode.cpp.h; path = hss_ildu.hxx; sourceTree = "<group>"; };
		D957399725C8ACCB004D4F10 /* cssor.hxx */ = {isa = PBXFileReference; fileEncoding = 4; lastKnownFileType = sourcecode.cpp.h; path = cssor.hxx; sourceTree = "<group>"; };
		D957399825C8ACCB004D4F10 /* jacobi.hxx */ = {isa = PBXFileReference; fileEncoding = 4; lastKnownFileType = sourcecode.cpp.h; path = jacobi.hxx; sourceTree = "<group>"; };
		D957399925C8ACCB004D4F10 /* hss_ssor.hxx */ = {isa = PBXFileReference; fileEncoding = 4; lastKnownFileType = sourcecode.cpp.h; path = hss_ssor.hxx; sourceTree = "<group>"; };
		D957399A25C8ACCB004D4F10 /* ilduk.hxx */ = {isa = PBXFileReference; fileEncoding = 4; lastKnownFileType = sourcecode.cpp.h; path = ilduk.hxx; sourceTree = "<group>"; };
		D957399B25C8ACCB004D4F10 /* id.hxx */ = {isa = PBXFileReference; fileEncoding = 4; lastKnownFileType = sourcecode.cpp.h; path = id.hxx; sourceTree = "<group>"; };
		D957399C25C8ACCB004D4F10 /* rildu.hxx */ = {isa = PBXFileReference; fileEncoding = 4; lastKnownFileType = sourcecode.cpp.h; path = rildu.hxx; sourceTree = "<group>"; };
		D957399D25C8ACCB004D4F10 /* ssor.hxx */ = {isa = PBXFileReference; fileEncoding = 4; lastKnownFileType = sourcecode.cpp.h; path = ssor.hxx; sourceTree = "<group>"; };
		D957399E25C8ACCB004D4F10 /* diag.hxx */ = {isa = PBXFileReference; fileEncoding = 4; lastKnownFileType = sourcecode.cpp.h; path = diag.hxx; sourceTree = "<group>"; };
		D957399F25C8ACCB004D4F10 /* hss_cgssor.hxx */ = {isa = PBXFileReference; fileEncoding = 4; lastKnownFileType = sourcecode.cpp.h; path = hss_cgssor.hxx; sourceTree = "<group>"; };
		D95739A025C8ACCB004D4F10 /* ildu.hxx */ = {isa = PBXFileReference; fileEncoding = 4; lastKnownFileType = sourcecode.cpp.h; path = ildu.hxx; sourceTree = "<group>"; };
		D95739A125C8ACCB004D4F10 /* hss_opoly.hxx */ = {isa = PBXFileReference; fileEncoding = 4; lastKnownFileType = sourcecode.cpp.h; path = hss_opoly.hxx; sourceTree = "<group>"; };
		D95739A225C8ACCB004D4F10 /* sparse_tool_matrix_market.hh */ = {isa = PBXFileReference; fileEncoding = 4; lastKnownFileType = sourcecode.cpp.h; path = sparse_tool_matrix_market.hh; sourceTree = "<group>"; };
		D95739A325C8ACCB004D4F10 /* sparse_tool_libs.hh */ = {isa = PBXFileReference; fileEncoding = 4; lastKnownFileType = sourcecode.cpp.h; path = sparse_tool_libs.hh; sourceTree = "<group>"; };
		D95739A425C8ACCB004D4F10 /* sparse_tool_iterative.hh */ = {isa = PBXFileReference; fileEncoding = 4; lastKnownFileType = sourcecode.cpp.h; path = sparse_tool_iterative.hh; sourceTree = "<group>"; };
		D95739A625C8ACCB004D4F10 /* cg.hxx */ = {isa = PBXFileReference; fileEncoding = 4; lastKnownFileType = sourcecode.cpp.h; path = cg.hxx; sourceTree = "<group>"; };
		D95739A725C8ACCB004D4F10 /* cocg.hxx */ = {isa = PBXFileReference; fileEncoding = 4; lastKnownFileType = sourcecode.cpp.h; path = cocg.hxx; sourceTree = "<group>"; };
		D95739A825C8ACCB004D4F10 /* cocr.hxx */ = {isa = PBXFileReference; fileEncoding = 4; lastKnownFileType = sourcecode.cpp.h; path = cocr.hxx; sourceTree = "<group>"; };
		D95739A925C8ACCB004D4F10 /* gmres.hxx */ = {isa = PBXFileReference; fileEncoding = 4; lastKnownFileType = sourcecode.cpp.h; path = gmres.hxx; sourceTree = "<group>"; };
		D95739AA25C8ACCB004D4F10 /* cg_poly.hxx */ = {isa = PBXFileReference; fileEncoding = 4; lastKnownFileType = sourcecode.cpp.h; path = cg_poly.hxx; sourceTree = "<group>"; };
		D95739AB25C8ACCB004D4F10 /* bicgstab.hxx */ = {isa = PBXFileReference; fileEncoding = 4; lastKnownFileType = sourcecode.cpp.h; path = bicgstab.hxx; sourceTree = "<group>"; };
		D95739AC25C8ACCB004D4F10 /* sparse_tool_extra.hh */ = {isa = PBXFileReference; fileEncoding = 4; lastKnownFileType = sourcecode.cpp.h; path = sparse_tool_extra.hh; sourceTree = "<group>"; };
		D95739AD25C8ACCB004D4F10 /* sparse_tool.hh */ = {isa = PBXFileReference; fileEncoding = 4; lastKnownFileType = sourcecode.cpp.h; path = sparse_tool.hh; sourceTree = "<group>"; };
		D95739AF25C8ACCB004D4F10 /* SuperLU.hh */ = {isa = PBXFileReference; fileEncoding = 4; lastKnownFileType = sourcecode.cpp.h; path = SuperLU.hh; sourceTree = "<group>"; };
		D95739B025C8ACCB004D4F10 /* Pardiso.hh */ = {isa = PBXFileReference; fileEncoding = 4; lastKnownFileType = sourcecode.cpp.h; path = Pardiso.hh; sourceTree = "<group>"; };
		D95739B125C8ACCB004D4F10 /* MA41.hh */ = {isa = PBXFileReference; fileEncoding = 4; lastKnownFileType = sourcecode.cpp.h; path = MA41.hh; sourceTree = "<group>"; };
		D95739B225C8ACCB004D4F10 /* MUMPS.hh */ = {isa = PBXFileReference; fileEncoding = 4; lastKnownFileType = sourcecode.cpp.h; path = MUMPS.hh; sourceTree = "<group>"; };
		D95739B325C8ACCB004D4F10 /* MA48.hh */ = {isa = PBXFileReference; fileEncoding = 4; lastKnownFileType = sourcecode.cpp.h; path = MA48.hh; sourceTree = "<group>"; };
		D95739B425C8ACCB004D4F10 /* UMF.hh */ = {isa = PBXFileReference; fileEncoding = 4; lastKnownFileType = sourcecode.cpp.h; path = UMF.hh; sourceTree = "<group>"; };
		D95739B525C8ACCB004D4F10 /* mkl_pardiso.hh */ = {isa = PBXFileReference; fileEncoding = 4; lastKnownFileType = sourcecode.cpp.h; path = mkl_pardiso.hh; sourceTree = "<group>"; };
		D95739B625C8ACCB004D4F10 /* lapack_wrapper_config.hh.tmpl */ = {isa = PBXFileReference; fileEncoding = 4; lastKnownFileType = text; path = lapack_wrapper_config.hh.tmpl; sourceTree = "<group>"; };
		D95739B825C8ACCB004D4F10 /* NoFLA_HQRRP_WY_blk_var4.hh */ = {isa = PBXFileReference; fileEncoding = 4; lastKnownFileType = sourcecode.cpp.h; path = NoFLA_HQRRP_WY_blk_var4.hh; sourceTree = "<group>"; };
		D95739B925C8ACCB004D4F10 /* NoFLA_HQRRP_WY_blk_var4.cc */ = {isa = PBXFileReference; fileEncoding = 4; lastKnownFileType = sourcecode.cpp.cpp; path = NoFLA_HQRRP_WY_blk_var4.cc; sourceTree = "<group>"; };
		D95739BA25C8ACCB004D4F10 /* README.md */ = {isa = PBXFileReference; fileEncoding = 4; lastKnownFileType = net.daringfireball.markdown; path = README.md; sourceTree = "<group>"; };
		D95739BB25C8ACCB004D4F10 /* speedup.png */ = {isa = PBXFileReference; lastKnownFileType = image.png; path = speedup.png; sourceTree = "<group>"; };
		D95739BC25C8ACCB004D4F10 /* License.txt */ = {isa = PBXFileReference; fileEncoding = 4; lastKnownFileType = text; path = License.txt; sourceTree = "<group>"; };
		D95739BD25C8ACCB004D4F10 /* lapack_wrapper_config.hh */ = {isa = PBXFileReference; fileEncoding = 4; lastKnownFileType = sourcecode.cpp.h; path = lapack_wrapper_config.hh; sourceTree = "<group>"; };
		D95739D525C8ACD1004D4F10 /* test9-RRQR.cc */ = {isa = PBXFileReference; lastKnownFileType = sourcecode.cpp.cpp; path = "test9-RRQR.cc"; sourceTree = "<group>"; };
		D95739D625C8ACD1004D4F10 /* test7-SparseTool.cc */ = {isa = PBXFileReference; lastKnownFileType = sourcecode.cpp.cpp; path = "test7-SparseTool.cc"; sourceTree = "<group>"; };
		D95739D725C8ACD1004D4F10 /* test5-BLOCKTRID.cc */ = {isa = PBXFileReference; lastKnownFileType = sourcecode.cpp.cpp; path = "test5-BLOCKTRID.cc"; sourceTree = "<group>"; };
		D95739D825C8ACD1004D4F10 /* test4-BFGS.cc */ = {isa = PBXFileReference; lastKnownFileType = sourcecode.cpp.cpp; path = "test4-BFGS.cc"; sourceTree = "<group>"; };
		D95739D925C8ACD1004D4F10 /* test1-small-factorization.cc */ = {isa = PBXFileReference; lastKnownFileType = sourcecode.cpp.cpp; path = "test1-small-factorization.cc"; sourceTree = "<group>"; };
		D95739DA25C8ACD1004D4F10 /* test6-EIGS.cc */ = {isa = PBXFileReference; lastKnownFileType = sourcecode.cpp.cpp; path = "test6-EIGS.cc"; sourceTree = "<group>"; };
		D95739DB25C8ACD1004D4F10 /* test8-SparseToolComplex.cc */ = {isa = PBXFileReference; lastKnownFileType = sourcecode.cpp.cpp; path = "test8-SparseToolComplex.cc"; sourceTree = "<group>"; };
		D95739DC25C8ACD1004D4F10 /* test2-Timing.cc */ = {isa = PBXFileReference; lastKnownFileType = sourcecode.cpp.cpp; path = "test2-Timing.cc"; sourceTree = "<group>"; };
		D95739DD25C8ACD1004D4F10 /* test3-BandedMatrix.cc */ = {isa = PBXFileReference; lastKnownFileType = sourcecode.cpp.cpp; path = "test3-BandedMatrix.cc"; sourceTree = "<group>"; };
		D95739E025C8AD02004D4F10 /* libUtils_osx_static_debug.a */ = {isa = PBXFileReference; lastKnownFileType = archive.ar; name = libUtils_osx_static_debug.a; path = ../lib3rd/lib/libUtils_osx_static_debug.a; sourceTree = "<group>"; };
		D95739E125C8AD02004D4F10 /* libsuperlu_osx_static_debug.a */ = {isa = PBXFileReference; lastKnownFileType = archive.ar; name = libsuperlu_osx_static_debug.a; path = ../lib3rd/lib/libsuperlu_osx_static_debug.a; sourceTree = "<group>"; };
		D9573A2125C8ADB1004D4F10 /* Utils.hh */ = {isa = PBXFileReference; fileEncoding = 4; lastKnownFileType = sourcecode.cpp.h; path = Utils.hh; sourceTree = "<group>"; };
		D9573A2325C8ADB1004D4F10 /* slu_util.h */ = {isa = PBXFileReference; fileEncoding = 4; lastKnownFileType = sourcecode.c.h; path = slu_util.h; sourceTree = "<group>"; };
		D9573A2425C8ADB1004D4F10 /* slu_scomplex.h */ = {isa = PBXFileReference; fileEncoding = 4; lastKnownFileType = sourcecode.c.h; path = slu_scomplex.h; sourceTree = "<group>"; };
		D9573A2525C8ADB1004D4F10 /* slu_sdefs.h */ = {isa = PBXFileReference; fileEncoding = 4; lastKnownFileType = sourcecode.c.h; path = slu_sdefs.h; sourceTree = "<group>"; };
		D9573A2625C8ADB1004D4F10 /* superlu_enum_consts.h */ = {isa = PBXFileReference; fileEncoding = 4; lastKnownFileType = sourcecode.c.h; path = superlu_enum_consts.h; sourceTree = "<group>"; };
		D9573A2725C8ADB1004D4F10 /* slu_Cnames.h */ = {isa = PBXFileReference; fileEncoding = 4; lastKnownFileType = sourcecode.c.h; path = slu_Cnames.h; sourceTree = "<group>"; };
		D9573A2825C8ADB1004D4F10 /* slu_ddefs.h */ = {isa = PBXFileReference; fileEncoding = 4; lastKnownFileType = sourcecode.c.h; path = slu_ddefs.h; sourceTree = "<group>"; };
		D9573A2925C8ADB1004D4F10 /* slu_cdefs.h */ = {isa = PBXFileReference; fileEncoding = 4; lastKnownFileType = sourcecode.c.h; path = slu_cdefs.h; sourceTree = "<group>"; };
		D9573A2A25C8ADB1004D4F10 /* slu_zdefs.h */ = {isa = PBXFileReference; fileEncoding = 4; lastKnownFileType = sourcecode.c.h; path = slu_zdefs.h; sourceTree = "<group>"; };
		D9573A2B25C8ADB1004D4F10 /* supermatrix.h */ = {isa = PBXFileReference; fileEncoding = 4; lastKnownFileType = sourcecode.c.h; path = supermatrix.h; sourceTree = "<group>"; };
		D9573A2C25C8ADB1004D4F10 /* slu_dcomplex.h */ = {isa = PBXFileReference; fileEncoding = 4; lastKnownFileType = sourcecode.c.h; path = slu_dcomplex.h; sourceTree = "<group>"; };
		D9573A2E25C8ADB1004D4F10 /* Utils.hxx */ = {isa = PBXFileReference; fileEncoding = 4; lastKnownFileType = sourcecode.cpp.h; path = Utils.hxx; sourceTree = "<group>"; };
		D9573A3025C8ADB1004D4F10 /* ostream.h */ = {isa = PBXFileReference; fileEncoding = 4; lastKnownFileType = sourcecode.c.h; path = ostream.h; sourceTree = "<group>"; };
		D9573A3125C8ADB1004D4F10 /* format-inl.h */ = {isa = PBXFileReference; fileEncoding = 4; lastKnownFileType = sourcecode.c.h; path = "format-inl.h"; sourceTree = "<group>"; };
		D9573A3225C8ADB1004D4F10 /* ranges.h */ = {isa = PBXFileReference; fileEncoding = 4; lastKnownFileType = sourcecode.c.h; path = ranges.h; sourceTree = "<group>"; };
		D9573A3325C8ADB1004D4F10 /* core.h */ = {isa = PBXFileReference; fileEncoding = 4; lastKnownFileType = sourcecode.c.h; path = core.h; sourceTree = "<group>"; };
		D9573A3425C8ADB1004D4F10 /* locale.h */ = {isa = PBXFileReference; fileEncoding = 4; lastKnownFileType = sourcecode.c.h; path = locale.h; sourceTree = "<group>"; };
		D9573A3525C8ADB1004D4F10 /* chrono.h */ = {isa = PBXFileReference; fileEncoding = 4; lastKnownFileType = sourcecode.c.h; path = chrono.h; sourceTree = "<group>"; };
		D9573A3625C8ADB1004D4F10 /* os.h */ = {isa = PBXFileReference; fileEncoding = 4; lastKnownFileType = sourcecode.c.h; path = os.h; sourceTree = "<group>"; };
		D9573A3725C8ADB1004D4F10 /* color.h */ = {isa = PBXFileReference; fileEncoding = 4; lastKnownFileType = sourcecode.c.h; path = color.h; sourceTree = "<group>"; };
		D9573A3825C8ADB1004D4F10 /* printf.h */ = {isa = PBXFileReference; fileEncoding = 4; lastKnownFileType = sourcecode.c.h; path = printf.h; sourceTree = "<group>"; };
		D9573A3925C8ADB1004D4F10 /* compile.h */ = {isa = PBXFileReference; fileEncoding = 4; lastKnownFileType = sourcecode.c.h; path = compile.h; sourceTree = "<group>"; };
		D9573A3A25C8ADB1004D4F10 /* posix.h */ = {isa = PBXFileReference; fileEncoding = 4; lastKnownFileType = sourcecode.c.h; path = posix.h; sourceTree = "<group>"; };
		D9573A3B25C8ADB1004D4F10 /* format.h */ = {isa = PBXFileReference; fileEncoding = 4; lastKnownFileType = sourcecode.c.h; path = format.h; sourceTree = "<group>"; };
		D9573A3C25C8ADB1004D4F10 /* rang.hpp */ = {isa = PBXFileReference; fileEncoding = 4; lastKnownFileType = sourcecode.cpp.h; path = rang.hpp; sourceTree = "<group>"; };
		D9573A3D25C8ADB1004D4F10 /* Malloc.hxx */ = {isa = PBXFileReference; fileEncoding = 4; lastKnownFileType = sourcecode.cpp.h; path = Malloc.hxx; sourceTree = "<group>"; };
		D9573A3E25C8ADB1004D4F10 /* Trace.hxx */ = {isa = PBXFileReference; fileEncoding = 4; lastKnownFileType = sourcecode.cpp.h; path = Trace.hxx; sourceTree = "<group>"; };
		D9573A3F25C8ADB1004D4F10 /* Console.hxx */ = {isa = PBXFileReference; fileEncoding = 4; lastKnownFileType = sourcecode.cpp.h; path = Console.hxx; sourceTree = "<group>"; };
		D9573A4025C8ADB1004D4F10 /* Numbers.hxx */ = {isa = PBXFileReference; fileEncoding = 4; lastKnownFileType = sourcecode.cpp.h; path = Numbers.hxx; sourceTree = "<group>"; };
		D9573A4125C8ADB1004D4F10 /* TicToc.hxx */ = {isa = PBXFileReference; fileEncoding = 4; lastKnownFileType = sourcecode.cpp.h; path = TicToc.hxx; sourceTree = "<group>"; };
		D9573A4325C8ADB1004D4F10 /* izstream.hpp */ = {isa = PBXFileReference; fileEncoding = 4; lastKnownFileType = sourcecode.cpp.h; path = izstream.hpp; sourceTree = "<group>"; };
		D9573A4425C8ADB1004D4F10 /* izstream_impl.hpp */ = {isa = PBXFileReference; fileEncoding = 4; lastKnownFileType = sourcecode.cpp.h; path = izstream_impl.hpp; sourceTree = "<group>"; };
		D9573A4525C8ADB1004D4F10 /* ozstream_impl.hpp */ = {isa = PBXFileReference; fileEncoding = 4; lastKnownFileType = sourcecode.cpp.h; path = ozstream_impl.hpp; sourceTree = "<group>"; };
		D9573A4625C8ADB1004D4F10 /* zstream_common.hpp */ = {isa = PBXFileReference; fileEncoding = 4; lastKnownFileType = sourcecode.cpp.h; path = zstream_common.hpp; sourceTree = "<group>"; };
		D9573A4725C8ADB1004D4F10 /* ozstream.hpp */ = {isa = PBXFileReference; fileEncoding = 4; lastKnownFileType = sourcecode.cpp.h; path = ozstream.hpp; sourceTree = "<group>"; };
		D9573A4825C8ADB1004D4F10 /* ThreadPool.hxx */ = {isa = PBXFileReference; fileEncoding = 4; lastKnownFileType = sourcecode.cpp.h; path = ThreadPool.hxx; sourceTree = "<group>"; };
		D9573A5625C8B057004D4F10 /* Accelerate.framework */ = {isa = PBXFileReference; lastKnownFileType = wrapper.framework; name = Accelerate.framework; path = System/Library/Frameworks/Accelerate.framework; sourceTree = SDKROOT; };
/* End PBXFileReference section */

/* Begin PBXFrameworksBuildPhase section */
		D957394C25C8ACAA004D4F10 /* Frameworks */ = {
			isa = PBXFrameworksBuildPhase;
			buildActionMask = 2147483647;
			files = (
				D9573A5725C8B057004D4F10 /* Accelerate.framework in Frameworks */,
				D95739E225C8AD02004D4F10 /* libUtils_osx_static_debug.a in Frameworks */,
				D95739E325C8AD02004D4F10 /* libsuperlu_osx_static_debug.a in Frameworks */,
			);
			runOnlyForDeploymentPostprocessing = 0;
		};
/* End PBXFrameworksBuildPhase section */

/* Begin PBXGroup section */
		D957394625C8ACAA004D4F10 = {
			isa = PBXGroup;
			children = (
				D95739E125C8AD02004D4F10 /* libsuperlu_osx_static_debug.a */,
				D95739E025C8AD02004D4F10 /* libUtils_osx_static_debug.a */,
				D9573A2025C8ADB1004D4F10 /* include */,
				D95739D425C8ACD1004D4F10 /* src_tests */,
				D957395C25C8ACCA004D4F10 /* src */,
				D957395025C8ACAA004D4F10 /* Products */,
				D9573A5525C8B057004D4F10 /* Frameworks */,
			);
			sourceTree = "<group>";
		};
		D957395025C8ACAA004D4F10 /* Products */ = {
			isa = PBXGroup;
			children = (
				D957394F25C8ACAA004D4F10 /* test */,
			);
			name = Products;
			sourceTree = "<group>";
		};
		D957395C25C8ACCA004D4F10 /* src */ = {
			isa = PBXGroup;
			children = (
				D957395D25C8ACCA004D4F10 /* lapack_wrapper */,
				D957398725C8ACCB004D4F10 /* HSL */,
				D957399025C8ACCB004D4F10 /* lapack_wrapper_libs.hh */,
				D957399125C8ACCB004D4F10 /* sparse_tool */,
				D95739B625C8ACCB004D4F10 /* lapack_wrapper_config.hh.tmpl */,
				D95739B725C8ACCB004D4F10 /* hqrrp */,
				D95739BD25C8ACCB004D4F10 /* lapack_wrapper_config.hh */,
			);
			name = src;
			path = ../src;
			sourceTree = "<group>";
		};
		D957395D25C8ACCA004D4F10 /* lapack_wrapper */ = {
			isa = PBXGroup;
			children = (
				D957395E25C8ACCA004D4F10 /* lapack_wrapper.hh */,
				D957395F25C8ACCA004D4F10 /* code */,
				D957396C25C8ACCB004D4F10 /* lapack_wrapper.cc */,
				D957396D25C8ACCB004D4F10 /* lapack_wrapper_tmpl.hh */,
				D957396E25C8ACCB004D4F10 /* lapack_wrapper++.hh */,
				D957396F25C8ACCB004D4F10 /* code++ */,
				D957398625C8ACCB004D4F10 /* lapack_wrapper++.cc */,
			);
			path = lapack_wrapper;
			sourceTree = "<group>";
		};
		D957395F25C8ACCA004D4F10 /* code */ = {
			isa = PBXGroup;
			children = (
				D957396025C8ACCA004D4F10 /* sparse.cxx */,
				D957396125C8ACCA004D4F10 /* banded.hxx */,
				D957396225C8ACCA004D4F10 /* wrapper.hxx */,
				D957396325C8ACCB004D4F10 /* general.hxx */,
				D957396425C8ACCB004D4F10 /* rank_estimate.cxx */,
				D957396525C8ACCB004D4F10 /* symmetric.hxx */,
				D957396625C8ACCB004D4F10 /* triangular.hxx */,
				D957396725C8ACCB004D4F10 /* tridiagonal.hxx */,
				D957396825C8ACCB004D4F10 /* blas.hxx */,
				D957396925C8ACCB004D4F10 /* general_qr.hxx */,
				D957396A25C8ACCB004D4F10 /* sparse.hxx */,
				D957396B25C8ACCB004D4F10 /* wrapper.cxx */,
			);
			path = code;
			sourceTree = "<group>";
		};
		D957396F25C8ACCB004D4F10 /* code++ */ = {
			isa = PBXGroup;
			children = (
				D957397825C8ACCB004D4F10 /* pinv.hxx */,
				D957397E25C8ACCB004D4F10 /* pinv.cxx */,
				D957398525C8ACCB004D4F10 /* lu.hxx */,
				D957397425C8ACCB004D4F10 /* lu.cxx */,
				D957398325C8ACCB004D4F10 /* ls.hxx */,
				D957397125C8ACCB004D4F10 /* ls.cxx */,
				D957397F25C8ACCB004D4F10 /* lsc.hxx */,
				D957397925C8ACCB004D4F10 /* lsc.cxx */,
				D957397225C8ACCB004D4F10 /* svd.hxx */,
				D957397725C8ACCB004D4F10 /* qr.hxx */,
				D957397D25C8ACCB004D4F10 /* qr.cxx */,
				D957397B25C8ACCB004D4F10 /* qn.hxx */,
				D957397525C8ACCB004D4F10 /* qn.cxx */,
				D957397C25C8ACCB004D4F10 /* trid.cxx */,
				D957398125C8ACCB004D4F10 /* band.hxx */,
				D957397025C8ACCB004D4F10 /* band.cxx */,
				D957397625C8ACCB004D4F10 /* trid.hxx */,
				D957398025C8ACCB004D4F10 /* block_trid.hxx */,
				D957397A25C8ACCB004D4F10 /* block_trid.cxx */,
				D957398225C8ACCB004D4F10 /* svd.cxx */,
				D957398425C8ACCB004D4F10 /* eig.hxx */,
				D957397325C8ACCB004D4F10 /* eig.cxx */,
			);
			path = "code++";
			sourceTree = "<group>";
		};
		D957398725C8ACCB004D4F10 /* HSL */ = {
			isa = PBXGroup;
			children = (
				D957398825C8ACCB004D4F10 /* hsl_solver.hh */,
				D957398925C8ACCB004D4F10 /* ma48_wrapper.cc */,
				D957398A25C8ACCB004D4F10 /* ma48_wrapper.hh */,
				D957398B25C8ACCB004D4F10 /* hsl_solver.cc */,
				D957398C25C8ACCB004D4F10 /* hsl.h */,
				D957398D25C8ACCB004D4F10 /* ma57_wrapper.hh */,
				D957398E25C8ACCB004D4F10 /* hsl_fake.cc */,
				D957398F25C8ACCB004D4F10 /* ma57_wrapper.cc */,
			);
			path = HSL;
			sourceTree = "<group>";
		};
		D957399125C8ACCB004D4F10 /* sparse_tool */ = {
			isa = PBXGroup;
			children = (
				D957399225C8ACCB004D4F10 /* preconditioner */,
				D95739A225C8ACCB004D4F10 /* sparse_tool_matrix_market.hh */,
				D95739A325C8ACCB004D4F10 /* sparse_tool_libs.hh */,
				D95739A425C8ACCB004D4F10 /* sparse_tool_iterative.hh */,
				D95739A525C8ACCB004D4F10 /* iterative */,
				D95739AC25C8ACCB004D4F10 /* sparse_tool_extra.hh */,
				D95739AD25C8ACCB004D4F10 /* sparse_tool.hh */,
				D95739AE25C8ACCB004D4F10 /* interfaces */,
			);
			path = sparse_tool;
			sourceTree = "<group>";
		};
		D957399225C8ACCB004D4F10 /* preconditioner */ = {
			isa = PBXGroup;
			children = (
				D957399325C8ACCB004D4F10 /* sor.hxx */,
				D957399425C8ACCB004D4F10 /* hss_chebyshev.hxx */,
				D957399525C8ACCB004D4F10 /* hss_opoly_ssor.hxx */,
				D957399625C8ACCB004D4F10 /* hss_ildu.hxx */,
				D957399725C8ACCB004D4F10 /* cssor.hxx */,
				D957399825C8ACCB004D4F10 /* jacobi.hxx */,
				D957399925C8ACCB004D4F10 /* hss_ssor.hxx */,
				D957399A25C8ACCB004D4F10 /* ilduk.hxx */,
				D957399B25C8ACCB004D4F10 /* id.hxx */,
				D957399C25C8ACCB004D4F10 /* rildu.hxx */,
				D957399D25C8ACCB004D4F10 /* ssor.hxx */,
				D957399E25C8ACCB004D4F10 /* diag.hxx */,
				D957399F25C8ACCB004D4F10 /* hss_cgssor.hxx */,
				D95739A025C8ACCB004D4F10 /* ildu.hxx */,
				D95739A125C8ACCB004D4F10 /* hss_opoly.hxx */,
			);
			path = preconditioner;
			sourceTree = "<group>";
		};
		D95739A525C8ACCB004D4F10 /* iterative */ = {
			isa = PBXGroup;
			children = (
				D95739A625C8ACCB004D4F10 /* cg.hxx */,
				D95739A725C8ACCB004D4F10 /* cocg.hxx */,
				D95739A825C8ACCB004D4F10 /* cocr.hxx */,
				D95739A925C8ACCB004D4F10 /* gmres.hxx */,
				D95739AA25C8ACCB004D4F10 /* cg_poly.hxx */,
				D95739AB25C8ACCB004D4F10 /* bicgstab.hxx */,
			);
			path = iterative;
			sourceTree = "<group>";
		};
		D95739AE25C8ACCB004D4F10 /* interfaces */ = {
			isa = PBXGroup;
			children = (
				D95739AF25C8ACCB004D4F10 /* SuperLU.hh */,
				D95739B025C8ACCB004D4F10 /* Pardiso.hh */,
				D95739B125C8ACCB004D4F10 /* MA41.hh */,
				D95739B225C8ACCB004D4F10 /* MUMPS.hh */,
				D95739B325C8ACCB004D4F10 /* MA48.hh */,
				D95739B425C8ACCB004D4F10 /* UMF.hh */,
				D95739B525C8ACCB004D4F10 /* mkl_pardiso.hh */,
			);
			path = interfaces;
			sourceTree = "<group>";
		};
		D95739B725C8ACCB004D4F10 /* hqrrp */ = {
			isa = PBXGroup;
			children = (
				D95739B825C8ACCB004D4F10 /* NoFLA_HQRRP_WY_blk_var4.hh */,
				D95739B925C8ACCB004D4F10 /* NoFLA_HQRRP_WY_blk_var4.cc */,
				D95739BA25C8ACCB004D4F10 /* README.md */,
				D95739BB25C8ACCB004D4F10 /* speedup.png */,
				D95739BC25C8ACCB004D4F10 /* License.txt */,
			);
			path = hqrrp;
			sourceTree = "<group>";
		};
		D95739D425C8ACD1004D4F10 /* src_tests */ = {
			isa = PBXGroup;
			children = (
				D95739D925C8ACD1004D4F10 /* test1-small-factorization.cc */,
				D95739DC25C8ACD1004D4F10 /* test2-Timing.cc */,
				D95739DD25C8ACD1004D4F10 /* test3-BandedMatrix.cc */,
				D95739D825C8ACD1004D4F10 /* test4-BFGS.cc */,
				D95739D725C8ACD1004D4F10 /* test5-BLOCKTRID.cc */,
				D95739DA25C8ACD1004D4F10 /* test6-EIGS.cc */,
				D95739D625C8ACD1004D4F10 /* test7-SparseTool.cc */,
				D95739DB25C8ACD1004D4F10 /* test8-SparseToolComplex.cc */,
				D95739D525C8ACD1004D4F10 /* test9-RRQR.cc */,
			);
			name = src_tests;
			path = ../src_tests;
			sourceTree = "<group>";
		};
		D9573A2025C8ADB1004D4F10 /* include */ = {
			isa = PBXGroup;
			children = (
				D9573A2125C8ADB1004D4F10 /* Utils.hh */,
				D9573A2225C8ADB1004D4F10 /* superlu */,
				D9573A2D25C8ADB1004D4F10 /* Utils */,
			);
			name = include;
			path = ../lib3rd/include;
			sourceTree = "<group>";
		};
		D9573A2225C8ADB1004D4F10 /* superlu */ = {
			isa = PBXGroup;
			children = (
				D9573A2325C8ADB1004D4F10 /* slu_util.h */,
				D9573A2425C8ADB1004D4F10 /* slu_scomplex.h */,
				D9573A2525C8ADB1004D4F10 /* slu_sdefs.h */,
				D9573A2625C8ADB1004D4F10 /* superlu_enum_consts.h */,
				D9573A2725C8ADB1004D4F10 /* slu_Cnames.h */,
				D9573A2825C8ADB1004D4F10 /* slu_ddefs.h */,
				D9573A2925C8ADB1004D4F10 /* slu_cdefs.h */,
				D9573A2A25C8ADB1004D4F10 /* slu_zdefs.h */,
				D9573A2B25C8ADB1004D4F10 /* supermatrix.h */,
				D9573A2C25C8ADB1004D4F10 /* slu_dcomplex.h */,
			);
			path = superlu;
			sourceTree = "<group>";
		};
		D9573A2D25C8ADB1004D4F10 /* Utils */ = {
			isa = PBXGroup;
			children = (
				D9573A2E25C8ADB1004D4F10 /* Utils.hxx */,
				D9573A2F25C8ADB1004D4F10 /* fmt */,
				D9573A3C25C8ADB1004D4F10 /* rang.hpp */,
				D9573A3D25C8ADB1004D4F10 /* Malloc.hxx */,
				D9573A3E25C8ADB1004D4F10 /* Trace.hxx */,
				D9573A3F25C8ADB1004D4F10 /* Console.hxx */,
				D9573A4025C8ADB1004D4F10 /* Numbers.hxx */,
				D9573A4125C8ADB1004D4F10 /* TicToc.hxx */,
				D9573A4225C8ADB1004D4F10 /* zstream */,
				D9573A4825C8ADB1004D4F10 /* ThreadPool.hxx */,
			);
			path = Utils;
			sourceTree = "<group>";
		};
		D9573A2F25C8ADB1004D4F10 /* fmt */ = {
			isa = PBXGroup;
			children = (
				D9573A3025C8ADB1004D4F10 /* ostream.h */,
				D9573A3125C8ADB1004D4F10 /* format-inl.h */,
				D9573A3225C8ADB1004D4F10 /* ranges.h */,
				D9573A3325C8ADB1004D4F10 /* core.h */,
				D9573A3425C8ADB1004D4F10 /* locale.h */,
				D9573A3525C8ADB1004D4F10 /* chrono.h */,
				D9573A3625C8ADB1004D4F10 /* os.h */,
				D9573A3725C8ADB1004D4F10 /* color.h */,
				D9573A3825C8ADB1004D4F10 /* printf.h */,
				D9573A3925C8ADB1004D4F10 /* compile.h */,
				D9573A3A25C8ADB1004D4F10 /* posix.h */,
				D9573A3B25C8ADB1004D4F10 /* format.h */,
			);
			path = fmt;
			sourceTree = "<group>";
		};
		D9573A4225C8ADB1004D4F10 /* zstream */ = {
			isa = PBXGroup;
			children = (
				D9573A4325C8ADB1004D4F10 /* izstream.hpp */,
				D9573A4425C8ADB1004D4F10 /* izstream_impl.hpp */,
				D9573A4525C8ADB1004D4F10 /* ozstream_impl.hpp */,
				D9573A4625C8ADB1004D4F10 /* zstream_common.hpp */,
				D9573A4725C8ADB1004D4F10 /* ozstream.hpp */,
			);
			path = zstream;
			sourceTree = "<group>";
		};
		D9573A5525C8B057004D4F10 /* Frameworks */ = {
			isa = PBXGroup;
			children = (
				D9573A5625C8B057004D4F10 /* Accelerate.framework */,
			);
			name = Frameworks;
			sourceTree = "<group>";
		};
/* End PBXGroup section */

/* Begin PBXNativeTarget section */
		D957394E25C8ACAA004D4F10 /* test */ = {
			isa = PBXNativeTarget;
			buildConfigurationList = D957395625C8ACAA004D4F10 /* Build configuration list for PBXNativeTarget "test" */;
			buildPhases = (
				D957394B25C8ACAA004D4F10 /* Sources */,
				D957394C25C8ACAA004D4F10 /* Frameworks */,
				D957394D25C8ACAA004D4F10 /* CopyFiles */,
			);
			buildRules = (
			);
			dependencies = (
			);
			name = test;
			productName = LapackWrapper;
			productReference = D957394F25C8ACAA004D4F10 /* test */;
			productType = "com.apple.product-type.tool";
		};
/* End PBXNativeTarget section */

/* Begin PBXProject section */
		D957394725C8ACAA004D4F10 /* Project object */ = {
			isa = PBXProject;
			attributes = {
				LastUpgradeCheck = 1230;
				TargetAttributes = {
					D957394E25C8ACAA004D4F10 = {
						CreatedOnToolsVersion = 12.3;
					};
				};
			};
			buildConfigurationList = D957394A25C8ACAA004D4F10 /* Build configuration list for PBXProject "LapackWrapper" */;
			compatibilityVersion = "Xcode 9.3";
			developmentRegion = en;
			hasScannedForEncodings = 0;
			knownRegions = (
				en,
				Base,
			);
			mainGroup = D957394625C8ACAA004D4F10;
			productRefGroup = D957395025C8ACAA004D4F10 /* Products */;
			projectDirPath = "";
			projectRoot = "";
			targets = (
				D957394E25C8ACAA004D4F10 /* test */,
			);
		};
/* End PBXProject section */

/* Begin PBXSourcesBuildPhase section */
		D957394B25C8ACAA004D4F10 /* Sources */ = {
			isa = PBXSourcesBuildPhase;
			buildActionMask = 2147483647;
			files = (
				D95739CF25C8ACCB004D4F10 /* hsl_solver.cc in Sources */,
				D9DD39EE25D3FD0E0060E1B6 /* test1-small-factorization.cc in Sources */,
				D95739D225C8ACCB004D4F10 /* NoFLA_HQRRP_WY_blk_var4.cc in Sources */,
				D95739D025C8ACCB004D4F10 /* hsl_fake.cc in Sources */,
				D95739CD25C8ACCB004D4F10 /* lapack_wrapper++.cc in Sources */,
				D95739C125C8ACCB004D4F10 /* lapack_wrapper.cc in Sources */,
				D95739D125C8ACCB004D4F10 /* ma57_wrapper.cc in Sources */,
				D95739CE25C8ACCB004D4F10 /* ma48_wrapper.cc in Sources */,
			);
			runOnlyForDeploymentPostprocessing = 0;
		};
/* End PBXSourcesBuildPhase section */

/* Begin XCBuildConfiguration section */
		D957395425C8ACAA004D4F10 /* Debug */ = {
			isa = XCBuildConfiguration;
			buildSettings = {
				ALWAYS_SEARCH_USER_PATHS = NO;
				CLANG_ANALYZER_NONNULL = YES;
				CLANG_ANALYZER_NUMBER_OBJECT_CONVERSION = YES_AGGRESSIVE;
				CLANG_CXX_LANGUAGE_STANDARD = "gnu++14";
				CLANG_CXX_LIBRARY = "libc++";
				CLANG_ENABLE_MODULES = YES;
				CLANG_ENABLE_OBJC_ARC = YES;
				CLANG_ENABLE_OBJC_WEAK = YES;
				CLANG_WARN_BLOCK_CAPTURE_AUTORELEASING = YES;
				CLANG_WARN_BOOL_CONVERSION = YES;
				CLANG_WARN_COMMA = YES;
				CLANG_WARN_CONSTANT_CONVERSION = YES;
				CLANG_WARN_DEPRECATED_OBJC_IMPLEMENTATIONS = YES;
				CLANG_WARN_DIRECT_OBJC_ISA_USAGE = YES_ERROR;
				CLANG_WARN_DOCUMENTATION_COMMENTS = YES;
				CLANG_WARN_EMPTY_BODY = YES;
				CLANG_WARN_ENUM_CONVERSION = YES;
				CLANG_WARN_INFINITE_RECURSION = YES;
				CLANG_WARN_INT_CONVERSION = YES;
				CLANG_WARN_NON_LITERAL_NULL_CONVERSION = YES;
				CLANG_WARN_OBJC_IMPLICIT_RETAIN_SELF = YES;
				CLANG_WARN_OBJC_LITERAL_CONVERSION = YES;
				CLANG_WARN_OBJC_ROOT_CLASS = YES_ERROR;
				CLANG_WARN_QUOTED_INCLUDE_IN_FRAMEWORK_HEADER = YES;
				CLANG_WARN_RANGE_LOOP_ANALYSIS = YES;
				CLANG_WARN_STRICT_PROTOTYPES = YES;
				CLANG_WARN_SUSPICIOUS_MOVE = YES;
				CLANG_WARN_UNGUARDED_AVAILABILITY = YES_AGGRESSIVE;
				CLANG_WARN_UNREACHABLE_CODE = YES;
				CLANG_WARN__DUPLICATE_METHOD_MATCH = YES;
				COPY_PHASE_STRIP = NO;
				DEBUG_INFORMATION_FORMAT = dwarf;
				ENABLE_STRICT_OBJC_MSGSEND = YES;
				ENABLE_TESTABILITY = YES;
				GCC_C_LANGUAGE_STANDARD = gnu11;
				GCC_DYNAMIC_NO_PIC = NO;
				GCC_NO_COMMON_BLOCKS = YES;
				GCC_OPTIMIZATION_LEVEL = 0;
				GCC_PREPROCESSOR_DEFINITIONS = (
					"DEBUG=1",
					"$(inherited)",
				);
				GCC_WARN_64_TO_32_BIT_CONVERSION = YES;
				GCC_WARN_ABOUT_RETURN_TYPE = YES_ERROR;
				GCC_WARN_UNDECLARED_SELECTOR = YES;
				GCC_WARN_UNINITIALIZED_AUTOS = YES_AGGRESSIVE;
				GCC_WARN_UNUSED_FUNCTION = YES;
				GCC_WARN_UNUSED_VARIABLE = YES;
				MACOSX_DEPLOYMENT_TARGET = 10.15;
				MTL_ENABLE_DEBUG_INFO = INCLUDE_SOURCE;
				MTL_FAST_MATH = YES;
				ONLY_ACTIVE_ARCH = YES;
				SDKROOT = macosx;
			};
			name = Debug;
		};
		D957395525C8ACAA004D4F10 /* Release */ = {
			isa = XCBuildConfiguration;
			buildSettings = {
				ALWAYS_SEARCH_USER_PATHS = NO;
				CLANG_ANALYZER_NONNULL = YES;
				CLANG_ANALYZER_NUMBER_OBJECT_CONVERSION = YES_AGGRESSIVE;
				CLANG_CXX_LANGUAGE_STANDARD = "gnu++14";
				CLANG_CXX_LIBRARY = "libc++";
				CLANG_ENABLE_MODULES = YES;
				CLANG_ENABLE_OBJC_ARC = YES;
				CLANG_ENABLE_OBJC_WEAK = YES;
				CLANG_WARN_BLOCK_CAPTURE_AUTORELEASING = YES;
				CLANG_WARN_BOOL_CONVERSION = YES;
				CLANG_WARN_COMMA = YES;
				CLANG_WARN_CONSTANT_CONVERSION = YES;
				CLANG_WARN_DEPRECATED_OBJC_IMPLEMENTATIONS = YES;
				CLANG_WARN_DIRECT_OBJC_ISA_USAGE = YES_ERROR;
				CLANG_WARN_DOCUMENTATION_COMMENTS = YES;
				CLANG_WARN_EMPTY_BODY = YES;
				CLANG_WARN_ENUM_CONVERSION = YES;
				CLANG_WARN_INFINITE_RECURSION = YES;
				CLANG_WARN_INT_CONVERSION = YES;
				CLANG_WARN_NON_LITERAL_NULL_CONVERSION = YES;
				CLANG_WARN_OBJC_IMPLICIT_RETAIN_SELF = YES;
				CLANG_WARN_OBJC_LITERAL_CONVERSION = YES;
				CLANG_WARN_OBJC_ROOT_CLASS = YES_ERROR;
				CLANG_WARN_QUOTED_INCLUDE_IN_FRAMEWORK_HEADER = YES;
				CLANG_WARN_RANGE_LOOP_ANALYSIS = YES;
				CLANG_WARN_STRICT_PROTOTYPES = YES;
				CLANG_WARN_SUSPICIOUS_MOVE = YES;
				CLANG_WARN_UNGUARDED_AVAILABILITY = YES_AGGRESSIVE;
				CLANG_WARN_UNREACHABLE_CODE = YES;
				CLANG_WARN__DUPLICATE_METHOD_MATCH = YES;
				COPY_PHASE_STRIP = NO;
				DEBUG_INFORMATION_FORMAT = "dwarf-with-dsym";
				ENABLE_NS_ASSERTIONS = NO;
				ENABLE_STRICT_OBJC_MSGSEND = YES;
				GCC_C_LANGUAGE_STANDARD = gnu11;
				GCC_NO_COMMON_BLOCKS = YES;
				GCC_WARN_64_TO_32_BIT_CONVERSION = YES;
				GCC_WARN_ABOUT_RETURN_TYPE = YES_ERROR;
				GCC_WARN_UNDECLARED_SELECTOR = YES;
				GCC_WARN_UNINITIALIZED_AUTOS = YES_AGGRESSIVE;
				GCC_WARN_UNUSED_FUNCTION = YES;
				GCC_WARN_UNUSED_VARIABLE = YES;
				MACOSX_DEPLOYMENT_TARGET = 10.15;
				MTL_ENABLE_DEBUG_INFO = NO;
				MTL_FAST_MATH = YES;
				SDKROOT = macosx;
			};
			name = Release;
		};
		D957395725C8ACAA004D4F10 /* Debug */ = {
			isa = XCBuildConfiguration;
			buildSettings = {
				CODE_SIGN_STYLE = Automatic;
				HEADER_SEARCH_PATHS = "$(SOURCE_ROOT)/../src";
				LIBRARY_SEARCH_PATHS = "$(SOURCE_ROOT)/../lib3rd/lib";
				PRODUCT_NAME = "$(TARGET_NAME)";
			};
			name = Debug;
		};
		D957395825C8ACAA004D4F10 /* Release */ = {
			isa = XCBuildConfiguration;
			buildSettings = {
				CODE_SIGN_STYLE = Automatic;
				HEADER_SEARCH_PATHS = "$(SOURCE_ROOT)/../src";
				LIBRARY_SEARCH_PATHS = "$(SOURCE_ROOT)/../lib3rd/lib";
				PRODUCT_NAME = "$(TARGET_NAME)";
			};
			name = Release;
		};
/* End XCBuildConfiguration section */

/* Begin XCConfigurationList section */
		D957394A25C8ACAA004D4F10 /* Build configuration list for PBXProject "LapackWrapper" */ = {
			isa = XCConfigurationList;
			buildConfigurations = (
				D957395425C8ACAA004D4F10 /* Debug */,
				D957395525C8ACAA004D4F10 /* Release */,
			);
			defaultConfigurationIsVisible = 0;
			defaultConfigurationName = Release;
		};
		D957395625C8ACAA004D4F10 /* Build configuration list for PBXNativeTarget "test" */ = {
			isa = XCConfigurationList;
			buildConfigurations = (
				D957395725C8ACAA004D4F10 /* Debug */,
				D957395825C8ACAA004D4F10 /* Release */,
			);
			defaultConfigurationIsVisible = 0;
			defaultConfigurationName = Release;
		};
/* End XCConfigurationList section */
	};
	rootObject = D957394725C8ACAA004D4F10 /* Project object */;
}
